// !$*UTF8*$!
{
	archiveVersion = 1;
	classes = {
	};
	objectVersion = 56;
	objects = {

/* Begin PBXBuildFile section */
		4B1181392B53A5A500B1C04D /* AppDelegate.swift in Sources */ = {isa = PBXBuildFile; fileRef = 4B1181382B53A5A500B1C04D /* AppDelegate.swift */; };
		4B11813B2B53A5A500B1C04D /* SceneDelegate.swift in Sources */ = {isa = PBXBuildFile; fileRef = 4B11813A2B53A5A500B1C04D /* SceneDelegate.swift */; };
		4B1181422B53A5A700B1C04D /* Assets.xcassets in Resources */ = {isa = PBXBuildFile; fileRef = 4B1181412B53A5A700B1C04D /* Assets.xcassets */; };
		4B1181452B53A5A700B1C04D /* LaunchScreen.storyboard in Resources */ = {isa = PBXBuildFile; fileRef = 4B1181432B53A5A700B1C04D /* LaunchScreen.storyboard */; };
		4B1181542B53A83B00B1C04D /* SnapKit in Frameworks */ = {isa = PBXBuildFile; productRef = 4B1181532B53A83B00B1C04D /* SnapKit */; };
		4B1181592B53A85900B1C04D /* Then in Frameworks */ = {isa = PBXBuildFile; productRef = 4B1181582B53A85900B1C04D /* Then */; };
		4B11815E2B53A87100B1C04D /* Moya in Frameworks */ = {isa = PBXBuildFile; productRef = 4B11815D2B53A87100B1C04D /* Moya */; };
		4B1181622B53A87100B1C04D /* RxMoya in Frameworks */ = {isa = PBXBuildFile; productRef = 4B1181612B53A87100B1C04D /* RxMoya */; };
		4B1181652B53A87F00B1C04D /* RxBlocking in Frameworks */ = {isa = PBXBuildFile; productRef = 4B1181642B53A87F00B1C04D /* RxBlocking */; };
		4B1181692B53A87F00B1C04D /* RxCocoa in Frameworks */ = {isa = PBXBuildFile; productRef = 4B1181682B53A87F00B1C04D /* RxCocoa */; };
		4B11816D2B53A87F00B1C04D /* RxRelay in Frameworks */ = {isa = PBXBuildFile; productRef = 4B11816C2B53A87F00B1C04D /* RxRelay */; };
		4B1181712B53A87F00B1C04D /* RxSwift in Frameworks */ = {isa = PBXBuildFile; productRef = 4B1181702B53A87F00B1C04D /* RxSwift */; };
		4B11817A2B53A8A400B1C04D /* RxFlow in Frameworks */ = {isa = PBXBuildFile; productRef = 4B1181792B53A8A400B1C04D /* RxFlow */; };
		4B1181842B53CF5800B1C04D /* Pretendard-Black.otf in Resources */ = {isa = PBXBuildFile; fileRef = 4B11817B2B53CF5800B1C04D /* Pretendard-Black.otf */; };
		4B1181852B53CF5800B1C04D /* Pretendard-ExtraLight.otf in Resources */ = {isa = PBXBuildFile; fileRef = 4B11817C2B53CF5800B1C04D /* Pretendard-ExtraLight.otf */; };
		4B1181862B53CF5800B1C04D /* Pretendard-Bold.otf in Resources */ = {isa = PBXBuildFile; fileRef = 4B11817D2B53CF5800B1C04D /* Pretendard-Bold.otf */; };
		4B1181872B53CF5800B1C04D /* Pretendard-Medium.otf in Resources */ = {isa = PBXBuildFile; fileRef = 4B11817E2B53CF5800B1C04D /* Pretendard-Medium.otf */; };
		4B1181882B53CF5800B1C04D /* Pretendard-Regular.otf in Resources */ = {isa = PBXBuildFile; fileRef = 4B11817F2B53CF5800B1C04D /* Pretendard-Regular.otf */; };
		4B1181892B53CF5800B1C04D /* Pretendard-Light.otf in Resources */ = {isa = PBXBuildFile; fileRef = 4B1181802B53CF5800B1C04D /* Pretendard-Light.otf */; };
		4B11818A2B53CF5800B1C04D /* Pretendard-SemiBold.otf in Resources */ = {isa = PBXBuildFile; fileRef = 4B1181812B53CF5800B1C04D /* Pretendard-SemiBold.otf */; };
		4B11818B2B53CF5800B1C04D /* Pretendard-Thin.otf in Resources */ = {isa = PBXBuildFile; fileRef = 4B1181822B53CF5800B1C04D /* Pretendard-Thin.otf */; };
		4B11818C2B53CF5800B1C04D /* Pretendard-ExtraBold.otf in Resources */ = {isa = PBXBuildFile; fileRef = 4B1181832B53CF5800B1C04D /* Pretendard-ExtraBold.otf */; };
		4B11818E2B53DA0100B1C04D /* UIFont+.swift in Sources */ = {isa = PBXBuildFile; fileRef = 4B11818D2B53DA0100B1C04D /* UIFont+.swift */; };
		4B8A4CB52B53DF4D007F7A3F /* boheom-logo.png in Resources */ = {isa = PBXBuildFile; fileRef = 4B8A4CB42B53DF4D007F7A3F /* boheom-logo.png */; };
		4B8A4CB92B53E1DF007F7A3F /* BoheomStep.swift in Sources */ = {isa = PBXBuildFile; fileRef = 4B8A4CB82B53E1DF007F7A3F /* BoheomStep.swift */; };
		4B8A4CBC2B541AED007F7A3F /* AuthFlow.swift in Sources */ = {isa = PBXBuildFile; fileRef = 4B8A4CBB2B541AED007F7A3F /* AuthFlow.swift */; };
		4B8A4CBE2B541C39007F7A3F /* OnBoardingViewController.swift in Sources */ = {isa = PBXBuildFile; fileRef = 4B8A4CBD2B541C39007F7A3F /* OnBoardingViewController.swift */; };
		4B8A4CC02B541E03007F7A3F /* AppFlow.swift in Sources */ = {isa = PBXBuildFile; fileRef = 4B8A4CBF2B541E03007F7A3F /* AppFlow.swift */; };
		4B8A4CC32B542253007F7A3F /* ViewModelType.swift in Sources */ = {isa = PBXBuildFile; fileRef = 4B8A4CC22B542253007F7A3F /* ViewModelType.swift */; };
		4B8A4CC52B5422F4007F7A3F /* BaseVC.swift in Sources */ = {isa = PBXBuildFile; fileRef = 4B8A4CC42B5422F4007F7A3F /* BaseVC.swift */; };
		4B8A4CCA2B542610007F7A3F /* OnBoardingViewModel.swift in Sources */ = {isa = PBXBuildFile; fileRef = 4B8A4CC92B542610007F7A3F /* OnBoardingViewModel.swift */; };
		4B8A4CCD2B54292C007F7A3F /* UILabel+boheomLabel.swift in Sources */ = {isa = PBXBuildFile; fileRef = 4B8A4CCC2B54292C007F7A3F /* UILabel+boheomLabel.swift */; };
		4B8A4CCF2B542A11007F7A3F /* UIView+addSubviews.swift in Sources */ = {isa = PBXBuildFile; fileRef = 4B8A4CCE2B542A11007F7A3F /* UIView+addSubviews.swift */; };
		4B8A4CD22B542DC0007F7A3F /* BoheomButton.swift in Sources */ = {isa = PBXBuildFile; fileRef = 4B8A4CD12B542DC0007F7A3F /* BoheomButton.swift */; };
		4B8A4CD72B54F7E4007F7A3F /* SignupNicknameViewController.swift in Sources */ = {isa = PBXBuildFile; fileRef = 4B8A4CD62B54F7E4007F7A3F /* SignupNicknameViewController.swift */; };
		4B8A4CD92B54F808007F7A3F /* SignupViewModel.swift in Sources */ = {isa = PBXBuildFile; fileRef = 4B8A4CD82B54F808007F7A3F /* SignupViewModel.swift */; };
		4B8A4CDB2B54F850007F7A3F /* LoginViewController.swift in Sources */ = {isa = PBXBuildFile; fileRef = 4B8A4CDA2B54F850007F7A3F /* LoginViewController.swift */; };
		4B8A4CDD2B54F861007F7A3F /* LoginViewModel.swift in Sources */ = {isa = PBXBuildFile; fileRef = 4B8A4CDC2B54F861007F7A3F /* LoginViewModel.swift */; };
		4B8A4CE02B54FBCB007F7A3F /* LoginDynamicHeader.swift in Sources */ = {isa = PBXBuildFile; fileRef = 4B8A4CDF2B54FBCB007F7A3F /* LoginDynamicHeader.swift */; };
		4B8A4CE22B550031007F7A3F /* BoheomTextField.swift in Sources */ = {isa = PBXBuildFile; fileRef = 4B8A4CE12B550031007F7A3F /* BoheomTextField.swift */; };
		4B8A4CE82B564E77007F7A3F /* SubContentHeader.swift in Sources */ = {isa = PBXBuildFile; fileRef = 4B8A4CE72B564E77007F7A3F /* SubContentHeader.swift */; };
		4B8A4CEA2B5672AC007F7A3F /* SignupIDViewController.swift in Sources */ = {isa = PBXBuildFile; fileRef = 4B8A4CE92B5672AC007F7A3F /* SignupIDViewController.swift */; };
		4B8A4CEC2B5672B9007F7A3F /* SignupPasswordViewController.swift in Sources */ = {isa = PBXBuildFile; fileRef = 4B8A4CEB2B5672B9007F7A3F /* SignupPasswordViewController.swift */; };
		4B8A4CEE2B5672E9007F7A3F /* SignupCompleteViewController.swift in Sources */ = {isa = PBXBuildFile; fileRef = 4B8A4CED2B5672E9007F7A3F /* SignupCompleteViewController.swift */; };
		4B8A4CF02B567600007F7A3F /* SignupFlow.swift in Sources */ = {isa = PBXBuildFile; fileRef = 4B8A4CEF2B567600007F7A3F /* SignupFlow.swift */; };
		4B8A4CF72B56D029007F7A3F /* AuthAPI.swift in Sources */ = {isa = PBXBuildFile; fileRef = 4B8A4CF62B56D029007F7A3F /* AuthAPI.swift */; };
		4B8A4CFA2B56D19E007F7A3F /* BoheomAPI.swift in Sources */ = {isa = PBXBuildFile; fileRef = 4B8A4CF92B56D19E007F7A3F /* BoheomAPI.swift */; };
		4B8A4CFD2B56D6A5007F7A3F /* JWTTokenType.swift in Sources */ = {isa = PBXBuildFile; fileRef = 4B8A4CFC2B56D6A5007F7A3F /* JWTTokenType.swift */; };
		4B8A4CFF2B56D921007F7A3F /* JWTPlugin.swift in Sources */ = {isa = PBXBuildFile; fileRef = 4B8A4CFE2B56D921007F7A3F /* JWTPlugin.swift */; };
		4B8A4D022B56E5A0007F7A3F /* BoheomConfig.xcconfig in Resources */ = {isa = PBXBuildFile; fileRef = 4B8A4D012B56E540007F7A3F /* BoheomConfig.xcconfig */; };
		4B8A4D052B56E6C1007F7A3F /* BoheomBundle.swift in Sources */ = {isa = PBXBuildFile; fileRef = 4B8A4D042B56E6C1007F7A3F /* BoheomBundle.swift */; };
		4B8A4D072B56EA95007F7A3F /* JWTTokenStorage.swift in Sources */ = {isa = PBXBuildFile; fileRef = 4B8A4D062B56EA95007F7A3F /* JWTTokenStorage.swift */; };
		4B8A4D0A2B56ED2C007F7A3F /* SwiftKeychainWrapper in Frameworks */ = {isa = PBXBuildFile; productRef = 4B8A4D092B56ED2C007F7A3F /* SwiftKeychainWrapper */; };
		4B8A4D0C2B56F1BB007F7A3F /* MoyaLoggingPlugin.swift in Sources */ = {isa = PBXBuildFile; fileRef = 4B8A4D0B2B56F1BB007F7A3F /* MoyaLoggingPlugin.swift */; };
		4B8A4D152B579C39007F7A3F /* AuthService.swift in Sources */ = {isa = PBXBuildFile; fileRef = 4B8A4D142B579C39007F7A3F /* AuthService.swift */; };
		4B8A4D182B579D41007F7A3F /* LoginTokenEntity.swift in Sources */ = {isa = PBXBuildFile; fileRef = 4B8A4D172B579D41007F7A3F /* LoginTokenEntity.swift */; };
		4B8A4D1A2B579DD2007F7A3F /* LoginTokenResponse.swift in Sources */ = {isa = PBXBuildFile; fileRef = 4B8A4D192B579DD2007F7A3F /* LoginTokenResponse.swift */; };
		4B8A4D1E2B579E9D007F7A3F /* LoginUserInfoRequest.swift in Sources */ = {isa = PBXBuildFile; fileRef = 4B8A4D1D2B579E9D007F7A3F /* LoginUserInfoRequest.swift */; };
		4B8A4D202B57B2D8007F7A3F /* RestApiRemoteService.swift in Sources */ = {isa = PBXBuildFile; fileRef = 4B8A4D1F2B57B2D8007F7A3F /* RestApiRemoteService.swift */; };
		4B8A4D232B57B8FF007F7A3F /* AuthServiceError.swift in Sources */ = {isa = PBXBuildFile; fileRef = 4B8A4D222B57B8FF007F7A3F /* AuthServiceError.swift */; };
		4B8A4D262B5824C8007F7A3F /* Swinject in Frameworks */ = {isa = PBXBuildFile; productRef = 4B8A4D252B5824C8007F7A3F /* Swinject */; };
		4B8A4D2A2B582549007F7A3F /* AppDI.swift in Sources */ = {isa = PBXBuildFile; fileRef = 4B8A4D292B582549007F7A3F /* AppDI.swift */; };
		4B8A4D2D2B58D937007F7A3F /* HomeViewController.swift in Sources */ = {isa = PBXBuildFile; fileRef = 4B8A4D2C2B58D937007F7A3F /* HomeViewController.swift */; };
		4B8A4D2F2B58D95B007F7A3F /* HomeViewModel.swift in Sources */ = {isa = PBXBuildFile; fileRef = 4B8A4D2E2B58D95B007F7A3F /* HomeViewModel.swift */; };
		4B8A4D322B58D9D8007F7A3F /* HomeHeaderView.swift in Sources */ = {isa = PBXBuildFile; fileRef = 4B8A4D312B58D9D8007F7A3F /* HomeHeaderView.swift */; };
		4B8A4D342B58DEE4007F7A3F /* HomeFlow.swift in Sources */ = {isa = PBXBuildFile; fileRef = 4B8A4D332B58DEE4007F7A3F /* HomeFlow.swift */; };
		4B8A4D362B58E56F007F7A3F /* BoheomListHeader.swift in Sources */ = {isa = PBXBuildFile; fileRef = 4B8A4D352B58E56F007F7A3F /* BoheomListHeader.swift */; };
		4B8A4D382B58FABA007F7A3F /* PostCollectionViewCell.swift in Sources */ = {isa = PBXBuildFile; fileRef = 4B8A4D372B58FABA007F7A3F /* PostCollectionViewCell.swift */; };
		4B8A4D3A2B58FF82007F7A3F /* UIView+setShadow.swift in Sources */ = {isa = PBXBuildFile; fileRef = 4B8A4D392B58FF82007F7A3F /* UIView+setShadow.swift */; };
		4B8A4D3C2B59166F007F7A3F /* HomeFooterButton.swift in Sources */ = {isa = PBXBuildFile; fileRef = 4B8A4D3B2B59166F007F7A3F /* HomeFooterButton.swift */; };
		4B8A4D402B591C9F007F7A3F /* IconLabel.swift in Sources */ = {isa = PBXBuildFile; fileRef = 4B8A4D3F2B591C9F007F7A3F /* IconLabel.swift */; };
		4B8A4D432B5A3E80007F7A3F /* ProfileViewController.swift in Sources */ = {isa = PBXBuildFile; fileRef = 4B8A4D422B5A3E80007F7A3F /* ProfileViewController.swift */; };
		4B8A4D452B5A3E91007F7A3F /* ProfileViewModel.swift in Sources */ = {isa = PBXBuildFile; fileRef = 4B8A4D442B5A3E91007F7A3F /* ProfileViewModel.swift */; };
		4B8A4D482B5A404B007F7A3F /* ProfileBackgroundView.swift in Sources */ = {isa = PBXBuildFile; fileRef = 4B8A4D472B5A404B007F7A3F /* ProfileBackgroundView.swift */; };
		4B8A4D4A2B5A4237007F7A3F /* ProfileHeaderView.swift in Sources */ = {isa = PBXBuildFile; fileRef = 4B8A4D492B5A4237007F7A3F /* ProfileHeaderView.swift */; };
		4B8A4D4D2B5A448D007F7A3F /* Kingfisher in Frameworks */ = {isa = PBXBuildFile; productRef = 4B8A4D4C2B5A448D007F7A3F /* Kingfisher */; };
		4B8A4D4F2B5A525C007F7A3F /* BoheomBackButton.swift in Sources */ = {isa = PBXBuildFile; fileRef = 4B8A4D4E2B5A525C007F7A3F /* BoheomBackButton.swift */; };
		4B8A4D532B5A862D007F7A3F /* PostDetailViewController.swift in Sources */ = {isa = PBXBuildFile; fileRef = 4B8A4D522B5A862D007F7A3F /* PostDetailViewController.swift */; };
		4B8A4D552B5A8673007F7A3F /* PostDetailViewModel.swift in Sources */ = {isa = PBXBuildFile; fileRef = 4B8A4D542B5A8673007F7A3F /* PostDetailViewModel.swift */; };
		4B8A4D582B5A86BC007F7A3F /* PostWriteViewController.swift in Sources */ = {isa = PBXBuildFile; fileRef = 4B8A4D572B5A86BC007F7A3F /* PostWriteViewController.swift */; };
		4B8A4D5A2B5A86C7007F7A3F /* PostWriteViewModel.swift in Sources */ = {isa = PBXBuildFile; fileRef = 4B8A4D592B5A86C7007F7A3F /* PostWriteViewModel.swift */; };
		4B8A4D5D2B5A8786007F7A3F /* PostDetailHeaderView.swift in Sources */ = {isa = PBXBuildFile; fileRef = 4B8A4D5C2B5A8786007F7A3F /* PostDetailHeaderView.swift */; };
		4B8A4D5F2B5A942F007F7A3F /* BoheomTextView.swift in Sources */ = {isa = PBXBuildFile; fileRef = 4B8A4D5E2B5A942F007F7A3F /* BoheomTextView.swift */; };
		4B8A4D622B5AA2E6007F7A3F /* CategoryInputTextField.swift in Sources */ = {isa = PBXBuildFile; fileRef = 4B8A4D612B5AA2E6007F7A3F /* CategoryInputTextField.swift */; };
		4B8A4D642B5AB8C8007F7A3F /* CategoryListViewCell.swift in Sources */ = {isa = PBXBuildFile; fileRef = 4B8A4D632B5AB8C8007F7A3F /* CategoryListViewCell.swift */; };
		4B8A4D662B5AD69B007F7A3F /* CategoryCollectionLayout.swift in Sources */ = {isa = PBXBuildFile; fileRef = 4B8A4D652B5AD69B007F7A3F /* CategoryCollectionLayout.swift */; };
		4B8A4D682B5BE91E007F7A3F /* SignupUserInfoRequest.swift in Sources */ = {isa = PBXBuildFile; fileRef = 4B8A4D672B5BE91E007F7A3F /* SignupUserInfoRequest.swift */; };
		4B8A4D6B2B5BFA73007F7A3F /* ToastViewController.swift in Sources */ = {isa = PBXBuildFile; fileRef = 4B8A4D6A2B5BFA73007F7A3F /* ToastViewController.swift */; };
		4B8A4D6E2B5C2531007F7A3F /* ToastView.swift in Sources */ = {isa = PBXBuildFile; fileRef = 4B8A4D6D2B5C2531007F7A3F /* ToastView.swift */; };
		4B8A4D722B5CFEB7007F7A3F /* InfoChecker.swift in Sources */ = {isa = PBXBuildFile; fileRef = 4B8A4D712B5CFEB7007F7A3F /* InfoChecker.swift */; };
		4B8A4D752B5D63C8007F7A3F /* SignupInfoStrage.swift in Sources */ = {isa = PBXBuildFile; fileRef = 4B8A4D742B5D63C8007F7A3F /* SignupInfoStrage.swift */; };
		4B8A4D782B5D7E39007F7A3F /* HapticManager.swift in Sources */ = {isa = PBXBuildFile; fileRef = 4B8A4D772B5D7E39007F7A3F /* HapticManager.swift */; };
		4BE00E3E2B5F6FF40023115A /* BoheomDatePicker.swift in Sources */ = {isa = PBXBuildFile; fileRef = 4BE00E3D2B5F6FF40023115A /* BoheomDatePicker.swift */; };
		4BE00E412B5F89290023115A /* PostResponse.swift in Sources */ = {isa = PBXBuildFile; fileRef = 4BE00E402B5F89290023115A /* PostResponse.swift */; };
		4BE00E442B5F89D20023115A /* PostEntity.swift in Sources */ = {isa = PBXBuildFile; fileRef = 4BE00E432B5F89D20023115A /* PostEntity.swift */; };
		4BE00E472B5F8A3C0023115A /* PostRequest.swift in Sources */ = {isa = PBXBuildFile; fileRef = 4BE00E462B5F8A3C0023115A /* PostRequest.swift */; };
		4BE00E492B5F8A7C0023115A /* PostDetailResponse.swift in Sources */ = {isa = PBXBuildFile; fileRef = 4BE00E482B5F8A7C0023115A /* PostDetailResponse.swift */; };
		4BE00E4B2B5F8B630023115A /* PostDetailEntity.swift in Sources */ = {isa = PBXBuildFile; fileRef = 4BE00E4A2B5F8B630023115A /* PostDetailEntity.swift */; };
		4BE00E4E2B5F940A0023115A /* PostListResponse.swift in Sources */ = {isa = PBXBuildFile; fileRef = 4BE00E4D2B5F940A0023115A /* PostListResponse.swift */; };
		4BE00E502B5F94510023115A /* PostListEntity.swift in Sources */ = {isa = PBXBuildFile; fileRef = 4BE00E4F2B5F94510023115A /* PostListEntity.swift */; };
		4BE00E532B5F96CF0023115A /* FeedService.swift in Sources */ = {isa = PBXBuildFile; fileRef = 4BE00E522B5F96CF0023115A /* FeedService.swift */; };
		4BE00E562B5F99750023115A /* FeedServiceError.swift in Sources */ = {isa = PBXBuildFile; fileRef = 4BE00E552B5F99750023115A /* FeedServiceError.swift */; };
		4BE00E582B5FC1240023115A /* HomeFloatingButton.swift in Sources */ = {isa = PBXBuildFile; fileRef = 4BE00E572B5FC1240023115A /* HomeFloatingButton.swift */; };
		4BE00E5A2B5FD1890023115A /* Date+toString.swift in Sources */ = {isa = PBXBuildFile; fileRef = 4BE00E592B5FD1890023115A /* Date+toString.swift */; };
		4BE00E5C2B5FD1930023115A /* String+toDate.swift in Sources */ = {isa = PBXBuildFile; fileRef = 4BE00E5B2B5FD1930023115A /* String+toDate.swift */; };
		4BE00E5E2B5FD1D70023115A /* DateFormatIndicated.swift in Sources */ = {isa = PBXBuildFile; fileRef = 4BE00E5D2B5FD1D70023115A /* DateFormatIndicated.swift */; };
		4BE00E612B616D3B0023115A /* ServiceError.swift in Sources */ = {isa = PBXBuildFile; fileRef = 4BE00E602B616D3B0023115A /* ServiceError.swift */; };
		4BE00E632B624C640023115A /* AppStepper.swift in Sources */ = {isa = PBXBuildFile; fileRef = 4BE00E622B624C640023115A /* AppStepper.swift */; };
		4BE00E662B624D550023115A /* KeychainStorage.swift in Sources */ = {isa = PBXBuildFile; fileRef = 4BE00E652B624D550023115A /* KeychainStorage.swift */; };
		4BE00E6A2B62C0F50023115A /* ApplyerListResponse.swift in Sources */ = {isa = PBXBuildFile; fileRef = 4BE00E692B62C0F50023115A /* ApplyerListResponse.swift */; };
		4BE00E6E2B62C13A0023115A /* ApplyerListEntity.swift in Sources */ = {isa = PBXBuildFile; fileRef = 4BE00E6D2B62C13A0023115A /* ApplyerListEntity.swift */; };
		4BE00E702B6387E50023115A /* EditContentView.swift in Sources */ = {isa = PBXBuildFile; fileRef = 4BE00E6F2B6387E50023115A /* EditContentView.swift */; };
		4BE00E722B63BAB30023115A /* ApplyerListViewController.swift in Sources */ = {isa = PBXBuildFile; fileRef = 4BE00E712B63BAB30023115A /* ApplyerListViewController.swift */; };
		4BE00E752B63BC370023115A /* ApplyerListViewModel.swift in Sources */ = {isa = PBXBuildFile; fileRef = 4BE00E742B63BC370023115A /* ApplyerListViewModel.swift */; };
		4BE00E782B63BF440023115A /* ApplyListTableViewCell.swift in Sources */ = {isa = PBXBuildFile; fileRef = 4BE00E772B63BF440023115A /* ApplyListTableViewCell.swift */; };
		4BE00E7A2B6418020023115A /* BohomePlaceholderView.swift in Sources */ = {isa = PBXBuildFile; fileRef = 4BE00E792B6418020023115A /* BohomePlaceholderView.swift */; };
		4BFF7AA02B5E450B009A8DC4 /* UserAPI.swift in Sources */ = {isa = PBXBuildFile; fileRef = 4BFF7A9F2B5E450B009A8DC4 /* UserAPI.swift */; };
		4BFF7AA42B5E4653009A8DC4 /* UserService.swift in Sources */ = {isa = PBXBuildFile; fileRef = 4BFF7AA32B5E4653009A8DC4 /* UserService.swift */; };
		4BFF7AA72B5E5E2D009A8DC4 /* ProfileResponse.swift in Sources */ = {isa = PBXBuildFile; fileRef = 4BFF7AA62B5E5E2D009A8DC4 /* ProfileResponse.swift */; };
		4BFF7AAA2B5E5EA1009A8DC4 /* ProfileEntity.swift in Sources */ = {isa = PBXBuildFile; fileRef = 4BFF7AA92B5E5EA1009A8DC4 /* ProfileEntity.swift */; };
		4BFF7AAD2B5E5FFC009A8DC4 /* UserServiceError.swift in Sources */ = {isa = PBXBuildFile; fileRef = 4BFF7AAC2B5E5FFC009A8DC4 /* UserServiceError.swift */; };
		4BFF7AB32B5E899B009A8DC4 /* FeedAPI.swift in Sources */ = {isa = PBXBuildFile; fileRef = 4BFF7AB22B5E899B009A8DC4 /* FeedAPI.swift */; };
		4BFF7AB72B5E9EBC009A8DC4 /* PostDatePickerView.swift in Sources */ = {isa = PBXBuildFile; fileRef = 4BFF7AB62B5E9EBC009A8DC4 /* PostDatePickerView.swift */; };
/* End PBXBuildFile section */

/* Begin PBXFileReference section */
		4B1181352B53A5A500B1C04D /* Boheom.app */ = {isa = PBXFileReference; explicitFileType = wrapper.application; includeInIndex = 0; path = Boheom.app; sourceTree = BUILT_PRODUCTS_DIR; };
		4B1181382B53A5A500B1C04D /* AppDelegate.swift */ = {isa = PBXFileReference; lastKnownFileType = sourcecode.swift; path = AppDelegate.swift; sourceTree = "<group>"; };
		4B11813A2B53A5A500B1C04D /* SceneDelegate.swift */ = {isa = PBXFileReference; lastKnownFileType = sourcecode.swift; path = SceneDelegate.swift; sourceTree = "<group>"; };
		4B1181412B53A5A700B1C04D /* Assets.xcassets */ = {isa = PBXFileReference; lastKnownFileType = folder.assetcatalog; path = Assets.xcassets; sourceTree = "<group>"; };
		4B1181442B53A5A700B1C04D /* Base */ = {isa = PBXFileReference; lastKnownFileType = file.storyboard; name = Base; path = Base.lproj/LaunchScreen.storyboard; sourceTree = "<group>"; };
		4B1181462B53A5A700B1C04D /* Info.plist */ = {isa = PBXFileReference; lastKnownFileType = text.plist.xml; path = Info.plist; sourceTree = "<group>"; };
		4B11817B2B53CF5800B1C04D /* Pretendard-Black.otf */ = {isa = PBXFileReference; lastKnownFileType = file; path = "Pretendard-Black.otf"; sourceTree = "<group>"; };
		4B11817C2B53CF5800B1C04D /* Pretendard-ExtraLight.otf */ = {isa = PBXFileReference; lastKnownFileType = file; path = "Pretendard-ExtraLight.otf"; sourceTree = "<group>"; };
		4B11817D2B53CF5800B1C04D /* Pretendard-Bold.otf */ = {isa = PBXFileReference; lastKnownFileType = file; path = "Pretendard-Bold.otf"; sourceTree = "<group>"; };
		4B11817E2B53CF5800B1C04D /* Pretendard-Medium.otf */ = {isa = PBXFileReference; lastKnownFileType = file; path = "Pretendard-Medium.otf"; sourceTree = "<group>"; };
		4B11817F2B53CF5800B1C04D /* Pretendard-Regular.otf */ = {isa = PBXFileReference; lastKnownFileType = file; path = "Pretendard-Regular.otf"; sourceTree = "<group>"; };
		4B1181802B53CF5800B1C04D /* Pretendard-Light.otf */ = {isa = PBXFileReference; lastKnownFileType = file; path = "Pretendard-Light.otf"; sourceTree = "<group>"; };
		4B1181812B53CF5800B1C04D /* Pretendard-SemiBold.otf */ = {isa = PBXFileReference; lastKnownFileType = file; path = "Pretendard-SemiBold.otf"; sourceTree = "<group>"; };
		4B1181822B53CF5800B1C04D /* Pretendard-Thin.otf */ = {isa = PBXFileReference; lastKnownFileType = file; path = "Pretendard-Thin.otf"; sourceTree = "<group>"; };
		4B1181832B53CF5800B1C04D /* Pretendard-ExtraBold.otf */ = {isa = PBXFileReference; lastKnownFileType = file; path = "Pretendard-ExtraBold.otf"; sourceTree = "<group>"; };
		4B11818D2B53DA0100B1C04D /* UIFont+.swift */ = {isa = PBXFileReference; lastKnownFileType = sourcecode.swift; path = "UIFont+.swift"; sourceTree = "<group>"; };
		4B8A4CB42B53DF4D007F7A3F /* boheom-logo.png */ = {isa = PBXFileReference; lastKnownFileType = image.png; path = "boheom-logo.png"; sourceTree = "<group>"; };
		4B8A4CB82B53E1DF007F7A3F /* BoheomStep.swift */ = {isa = PBXFileReference; lastKnownFileType = sourcecode.swift; path = BoheomStep.swift; sourceTree = "<group>"; };
		4B8A4CBB2B541AED007F7A3F /* AuthFlow.swift */ = {isa = PBXFileReference; lastKnownFileType = sourcecode.swift; path = AuthFlow.swift; sourceTree = "<group>"; };
		4B8A4CBD2B541C39007F7A3F /* OnBoardingViewController.swift */ = {isa = PBXFileReference; lastKnownFileType = sourcecode.swift; path = OnBoardingViewController.swift; sourceTree = "<group>"; };
		4B8A4CBF2B541E03007F7A3F /* AppFlow.swift */ = {isa = PBXFileReference; lastKnownFileType = sourcecode.swift; path = AppFlow.swift; sourceTree = "<group>"; };
		4B8A4CC22B542253007F7A3F /* ViewModelType.swift */ = {isa = PBXFileReference; lastKnownFileType = sourcecode.swift; path = ViewModelType.swift; sourceTree = "<group>"; };
		4B8A4CC42B5422F4007F7A3F /* BaseVC.swift */ = {isa = PBXFileReference; lastKnownFileType = sourcecode.swift; path = BaseVC.swift; sourceTree = "<group>"; };
		4B8A4CC92B542610007F7A3F /* OnBoardingViewModel.swift */ = {isa = PBXFileReference; lastKnownFileType = sourcecode.swift; path = OnBoardingViewModel.swift; sourceTree = "<group>"; };
		4B8A4CCC2B54292C007F7A3F /* UILabel+boheomLabel.swift */ = {isa = PBXFileReference; lastKnownFileType = sourcecode.swift; path = "UILabel+boheomLabel.swift"; sourceTree = "<group>"; };
		4B8A4CCE2B542A11007F7A3F /* UIView+addSubviews.swift */ = {isa = PBXFileReference; lastKnownFileType = sourcecode.swift; path = "UIView+addSubviews.swift"; sourceTree = "<group>"; };
		4B8A4CD12B542DC0007F7A3F /* BoheomButton.swift */ = {isa = PBXFileReference; lastKnownFileType = sourcecode.swift; path = BoheomButton.swift; sourceTree = "<group>"; };
		4B8A4CD62B54F7E4007F7A3F /* SignupNicknameViewController.swift */ = {isa = PBXFileReference; lastKnownFileType = sourcecode.swift; path = SignupNicknameViewController.swift; sourceTree = "<group>"; };
		4B8A4CD82B54F808007F7A3F /* SignupViewModel.swift */ = {isa = PBXFileReference; lastKnownFileType = sourcecode.swift; path = SignupViewModel.swift; sourceTree = "<group>"; };
		4B8A4CDA2B54F850007F7A3F /* LoginViewController.swift */ = {isa = PBXFileReference; lastKnownFileType = sourcecode.swift; path = LoginViewController.swift; sourceTree = "<group>"; };
		4B8A4CDC2B54F861007F7A3F /* LoginViewModel.swift */ = {isa = PBXFileReference; lastKnownFileType = sourcecode.swift; path = LoginViewModel.swift; sourceTree = "<group>"; };
		4B8A4CDF2B54FBCB007F7A3F /* LoginDynamicHeader.swift */ = {isa = PBXFileReference; lastKnownFileType = sourcecode.swift; path = LoginDynamicHeader.swift; sourceTree = "<group>"; };
		4B8A4CE12B550031007F7A3F /* BoheomTextField.swift */ = {isa = PBXFileReference; lastKnownFileType = sourcecode.swift; path = BoheomTextField.swift; sourceTree = "<group>"; };
		4B8A4CE72B564E77007F7A3F /* SubContentHeader.swift */ = {isa = PBXFileReference; lastKnownFileType = sourcecode.swift; path = SubContentHeader.swift; sourceTree = "<group>"; };
		4B8A4CE92B5672AC007F7A3F /* SignupIDViewController.swift */ = {isa = PBXFileReference; lastKnownFileType = sourcecode.swift; path = SignupIDViewController.swift; sourceTree = "<group>"; };
		4B8A4CEB2B5672B9007F7A3F /* SignupPasswordViewController.swift */ = {isa = PBXFileReference; lastKnownFileType = sourcecode.swift; path = SignupPasswordViewController.swift; sourceTree = "<group>"; };
		4B8A4CED2B5672E9007F7A3F /* SignupCompleteViewController.swift */ = {isa = PBXFileReference; lastKnownFileType = sourcecode.swift; path = SignupCompleteViewController.swift; sourceTree = "<group>"; };
		4B8A4CEF2B567600007F7A3F /* SignupFlow.swift */ = {isa = PBXFileReference; lastKnownFileType = sourcecode.swift; path = SignupFlow.swift; sourceTree = "<group>"; };
		4B8A4CF62B56D029007F7A3F /* AuthAPI.swift */ = {isa = PBXFileReference; lastKnownFileType = sourcecode.swift; path = AuthAPI.swift; sourceTree = "<group>"; };
		4B8A4CF92B56D19E007F7A3F /* BoheomAPI.swift */ = {isa = PBXFileReference; lastKnownFileType = sourcecode.swift; path = BoheomAPI.swift; sourceTree = "<group>"; };
		4B8A4CFC2B56D6A5007F7A3F /* JWTTokenType.swift */ = {isa = PBXFileReference; lastKnownFileType = sourcecode.swift; path = JWTTokenType.swift; sourceTree = "<group>"; };
		4B8A4CFE2B56D921007F7A3F /* JWTPlugin.swift */ = {isa = PBXFileReference; lastKnownFileType = sourcecode.swift; path = JWTPlugin.swift; sourceTree = "<group>"; };
		4B8A4D012B56E540007F7A3F /* BoheomConfig.xcconfig */ = {isa = PBXFileReference; lastKnownFileType = text.xcconfig; path = BoheomConfig.xcconfig; sourceTree = "<group>"; };
		4B8A4D042B56E6C1007F7A3F /* BoheomBundle.swift */ = {isa = PBXFileReference; lastKnownFileType = sourcecode.swift; path = BoheomBundle.swift; sourceTree = "<group>"; };
		4B8A4D062B56EA95007F7A3F /* JWTTokenStorage.swift */ = {isa = PBXFileReference; lastKnownFileType = sourcecode.swift; path = JWTTokenStorage.swift; sourceTree = "<group>"; };
		4B8A4D0B2B56F1BB007F7A3F /* MoyaLoggingPlugin.swift */ = {isa = PBXFileReference; lastKnownFileType = sourcecode.swift; path = MoyaLoggingPlugin.swift; sourceTree = "<group>"; };
		4B8A4D142B579C39007F7A3F /* AuthService.swift */ = {isa = PBXFileReference; lastKnownFileType = sourcecode.swift; path = AuthService.swift; sourceTree = "<group>"; };
		4B8A4D172B579D41007F7A3F /* LoginTokenEntity.swift */ = {isa = PBXFileReference; lastKnownFileType = sourcecode.swift; path = LoginTokenEntity.swift; sourceTree = "<group>"; };
		4B8A4D192B579DD2007F7A3F /* LoginTokenResponse.swift */ = {isa = PBXFileReference; lastKnownFileType = sourcecode.swift; path = LoginTokenResponse.swift; sourceTree = "<group>"; };
		4B8A4D1D2B579E9D007F7A3F /* LoginUserInfoRequest.swift */ = {isa = PBXFileReference; lastKnownFileType = sourcecode.swift; path = LoginUserInfoRequest.swift; sourceTree = "<group>"; };
		4B8A4D1F2B57B2D8007F7A3F /* RestApiRemoteService.swift */ = {isa = PBXFileReference; lastKnownFileType = sourcecode.swift; path = RestApiRemoteService.swift; sourceTree = "<group>"; };
		4B8A4D222B57B8FF007F7A3F /* AuthServiceError.swift */ = {isa = PBXFileReference; lastKnownFileType = sourcecode.swift; path = AuthServiceError.swift; sourceTree = "<group>"; };
		4B8A4D292B582549007F7A3F /* AppDI.swift */ = {isa = PBXFileReference; lastKnownFileType = sourcecode.swift; path = AppDI.swift; sourceTree = "<group>"; };
		4B8A4D2C2B58D937007F7A3F /* HomeViewController.swift */ = {isa = PBXFileReference; lastKnownFileType = sourcecode.swift; path = HomeViewController.swift; sourceTree = "<group>"; };
		4B8A4D2E2B58D95B007F7A3F /* HomeViewModel.swift */ = {isa = PBXFileReference; lastKnownFileType = sourcecode.swift; path = HomeViewModel.swift; sourceTree = "<group>"; };
		4B8A4D312B58D9D8007F7A3F /* HomeHeaderView.swift */ = {isa = PBXFileReference; lastKnownFileType = sourcecode.swift; path = HomeHeaderView.swift; sourceTree = "<group>"; };
		4B8A4D332B58DEE4007F7A3F /* HomeFlow.swift */ = {isa = PBXFileReference; lastKnownFileType = sourcecode.swift; path = HomeFlow.swift; sourceTree = "<group>"; };
		4B8A4D352B58E56F007F7A3F /* BoheomListHeader.swift */ = {isa = PBXFileReference; lastKnownFileType = sourcecode.swift; path = BoheomListHeader.swift; sourceTree = "<group>"; };
		4B8A4D372B58FABA007F7A3F /* PostCollectionViewCell.swift */ = {isa = PBXFileReference; lastKnownFileType = sourcecode.swift; path = PostCollectionViewCell.swift; sourceTree = "<group>"; };
		4B8A4D392B58FF82007F7A3F /* UIView+setShadow.swift */ = {isa = PBXFileReference; lastKnownFileType = sourcecode.swift; path = "UIView+setShadow.swift"; sourceTree = "<group>"; };
		4B8A4D3B2B59166F007F7A3F /* HomeFooterButton.swift */ = {isa = PBXFileReference; lastKnownFileType = sourcecode.swift; path = HomeFooterButton.swift; sourceTree = "<group>"; };
		4B8A4D3F2B591C9F007F7A3F /* IconLabel.swift */ = {isa = PBXFileReference; lastKnownFileType = sourcecode.swift; path = IconLabel.swift; sourceTree = "<group>"; };
		4B8A4D422B5A3E80007F7A3F /* ProfileViewController.swift */ = {isa = PBXFileReference; lastKnownFileType = sourcecode.swift; path = ProfileViewController.swift; sourceTree = "<group>"; };
		4B8A4D442B5A3E91007F7A3F /* ProfileViewModel.swift */ = {isa = PBXFileReference; lastKnownFileType = sourcecode.swift; path = ProfileViewModel.swift; sourceTree = "<group>"; };
		4B8A4D472B5A404B007F7A3F /* ProfileBackgroundView.swift */ = {isa = PBXFileReference; lastKnownFileType = sourcecode.swift; path = ProfileBackgroundView.swift; sourceTree = "<group>"; };
		4B8A4D492B5A4237007F7A3F /* ProfileHeaderView.swift */ = {isa = PBXFileReference; lastKnownFileType = sourcecode.swift; path = ProfileHeaderView.swift; sourceTree = "<group>"; };
		4B8A4D4E2B5A525C007F7A3F /* BoheomBackButton.swift */ = {isa = PBXFileReference; lastKnownFileType = sourcecode.swift; path = BoheomBackButton.swift; sourceTree = "<group>"; };
		4B8A4D522B5A862D007F7A3F /* PostDetailViewController.swift */ = {isa = PBXFileReference; lastKnownFileType = sourcecode.swift; path = PostDetailViewController.swift; sourceTree = "<group>"; };
		4B8A4D542B5A8673007F7A3F /* PostDetailViewModel.swift */ = {isa = PBXFileReference; lastKnownFileType = sourcecode.swift; path = PostDetailViewModel.swift; sourceTree = "<group>"; };
		4B8A4D572B5A86BC007F7A3F /* PostWriteViewController.swift */ = {isa = PBXFileReference; lastKnownFileType = sourcecode.swift; path = PostWriteViewController.swift; sourceTree = "<group>"; };
		4B8A4D592B5A86C7007F7A3F /* PostWriteViewModel.swift */ = {isa = PBXFileReference; lastKnownFileType = sourcecode.swift; path = PostWriteViewModel.swift; sourceTree = "<group>"; };
		4B8A4D5C2B5A8786007F7A3F /* PostDetailHeaderView.swift */ = {isa = PBXFileReference; lastKnownFileType = sourcecode.swift; path = PostDetailHeaderView.swift; sourceTree = "<group>"; };
		4B8A4D5E2B5A942F007F7A3F /* BoheomTextView.swift */ = {isa = PBXFileReference; lastKnownFileType = sourcecode.swift; path = BoheomTextView.swift; sourceTree = "<group>"; };
		4B8A4D612B5AA2E6007F7A3F /* CategoryInputTextField.swift */ = {isa = PBXFileReference; lastKnownFileType = sourcecode.swift; path = CategoryInputTextField.swift; sourceTree = "<group>"; };
		4B8A4D632B5AB8C8007F7A3F /* CategoryListViewCell.swift */ = {isa = PBXFileReference; lastKnownFileType = sourcecode.swift; path = CategoryListViewCell.swift; sourceTree = "<group>"; };
		4B8A4D652B5AD69B007F7A3F /* CategoryCollectionLayout.swift */ = {isa = PBXFileReference; lastKnownFileType = sourcecode.swift; path = CategoryCollectionLayout.swift; sourceTree = "<group>"; };
		4B8A4D672B5BE91E007F7A3F /* SignupUserInfoRequest.swift */ = {isa = PBXFileReference; lastKnownFileType = sourcecode.swift; path = SignupUserInfoRequest.swift; sourceTree = "<group>"; };
		4B8A4D6A2B5BFA73007F7A3F /* ToastViewController.swift */ = {isa = PBXFileReference; lastKnownFileType = sourcecode.swift; path = ToastViewController.swift; sourceTree = "<group>"; };
		4B8A4D6D2B5C2531007F7A3F /* ToastView.swift */ = {isa = PBXFileReference; lastKnownFileType = sourcecode.swift; path = ToastView.swift; sourceTree = "<group>"; };
		4B8A4D712B5CFEB7007F7A3F /* InfoChecker.swift */ = {isa = PBXFileReference; lastKnownFileType = sourcecode.swift; path = InfoChecker.swift; sourceTree = "<group>"; };
		4B8A4D742B5D63C8007F7A3F /* SignupInfoStrage.swift */ = {isa = PBXFileReference; lastKnownFileType = sourcecode.swift; path = SignupInfoStrage.swift; sourceTree = "<group>"; };
		4B8A4D772B5D7E39007F7A3F /* HapticManager.swift */ = {isa = PBXFileReference; lastKnownFileType = sourcecode.swift; path = HapticManager.swift; sourceTree = "<group>"; };
		4BE00E3D2B5F6FF40023115A /* BoheomDatePicker.swift */ = {isa = PBXFileReference; lastKnownFileType = sourcecode.swift; path = BoheomDatePicker.swift; sourceTree = "<group>"; };
		4BE00E402B5F89290023115A /* PostResponse.swift */ = {isa = PBXFileReference; lastKnownFileType = sourcecode.swift; path = PostResponse.swift; sourceTree = "<group>"; };
		4BE00E432B5F89D20023115A /* PostEntity.swift */ = {isa = PBXFileReference; lastKnownFileType = sourcecode.swift; path = PostEntity.swift; sourceTree = "<group>"; };
		4BE00E462B5F8A3C0023115A /* PostRequest.swift */ = {isa = PBXFileReference; lastKnownFileType = sourcecode.swift; path = PostRequest.swift; sourceTree = "<group>"; };
		4BE00E482B5F8A7C0023115A /* PostDetailResponse.swift */ = {isa = PBXFileReference; lastKnownFileType = sourcecode.swift; path = PostDetailResponse.swift; sourceTree = "<group>"; };
		4BE00E4A2B5F8B630023115A /* PostDetailEntity.swift */ = {isa = PBXFileReference; lastKnownFileType = sourcecode.swift; path = PostDetailEntity.swift; sourceTree = "<group>"; };
		4BE00E4D2B5F940A0023115A /* PostListResponse.swift */ = {isa = PBXFileReference; lastKnownFileType = sourcecode.swift; path = PostListResponse.swift; sourceTree = "<group>"; };
		4BE00E4F2B5F94510023115A /* PostListEntity.swift */ = {isa = PBXFileReference; lastKnownFileType = sourcecode.swift; path = PostListEntity.swift; sourceTree = "<group>"; };
		4BE00E522B5F96CF0023115A /* FeedService.swift */ = {isa = PBXFileReference; lastKnownFileType = sourcecode.swift; path = FeedService.swift; sourceTree = "<group>"; };
		4BE00E552B5F99750023115A /* FeedServiceError.swift */ = {isa = PBXFileReference; lastKnownFileType = sourcecode.swift; path = FeedServiceError.swift; sourceTree = "<group>"; };
		4BE00E572B5FC1240023115A /* HomeFloatingButton.swift */ = {isa = PBXFileReference; lastKnownFileType = sourcecode.swift; path = HomeFloatingButton.swift; sourceTree = "<group>"; };
		4BE00E592B5FD1890023115A /* Date+toString.swift */ = {isa = PBXFileReference; lastKnownFileType = sourcecode.swift; path = "Date+toString.swift"; sourceTree = "<group>"; };
		4BE00E5B2B5FD1930023115A /* String+toDate.swift */ = {isa = PBXFileReference; lastKnownFileType = sourcecode.swift; path = "String+toDate.swift"; sourceTree = "<group>"; };
		4BE00E5D2B5FD1D70023115A /* DateFormatIndicated.swift */ = {isa = PBXFileReference; lastKnownFileType = sourcecode.swift; path = DateFormatIndicated.swift; sourceTree = "<group>"; };
		4BE00E602B616D3B0023115A /* ServiceError.swift */ = {isa = PBXFileReference; lastKnownFileType = sourcecode.swift; path = ServiceError.swift; sourceTree = "<group>"; };
		4BE00E622B624C640023115A /* AppStepper.swift */ = {isa = PBXFileReference; lastKnownFileType = sourcecode.swift; path = AppStepper.swift; sourceTree = "<group>"; };
		4BE00E652B624D550023115A /* KeychainStorage.swift */ = {isa = PBXFileReference; lastKnownFileType = sourcecode.swift; path = KeychainStorage.swift; sourceTree = "<group>"; };
		4BE00E692B62C0F50023115A /* ApplyerListResponse.swift */ = {isa = PBXFileReference; lastKnownFileType = sourcecode.swift; path = ApplyerListResponse.swift; sourceTree = "<group>"; };
		4BE00E6D2B62C13A0023115A /* ApplyerListEntity.swift */ = {isa = PBXFileReference; lastKnownFileType = sourcecode.swift; path = ApplyerListEntity.swift; sourceTree = "<group>"; };
		4BE00E6F2B6387E50023115A /* EditContentView.swift */ = {isa = PBXFileReference; lastKnownFileType = sourcecode.swift; path = EditContentView.swift; sourceTree = "<group>"; };
		4BE00E712B63BAB30023115A /* ApplyerListViewController.swift */ = {isa = PBXFileReference; lastKnownFileType = sourcecode.swift; path = ApplyerListViewController.swift; sourceTree = "<group>"; };
		4BE00E742B63BC370023115A /* ApplyerListViewModel.swift */ = {isa = PBXFileReference; lastKnownFileType = sourcecode.swift; path = ApplyerListViewModel.swift; sourceTree = "<group>"; };
		4BE00E772B63BF440023115A /* ApplyListTableViewCell.swift */ = {isa = PBXFileReference; lastKnownFileType = sourcecode.swift; path = ApplyListTableViewCell.swift; sourceTree = "<group>"; };
		4BE00E792B6418020023115A /* BohomePlaceholderView.swift */ = {isa = PBXFileReference; lastKnownFileType = sourcecode.swift; path = BohomePlaceholderView.swift; sourceTree = "<group>"; };
		4BFF7A9F2B5E450B009A8DC4 /* UserAPI.swift */ = {isa = PBXFileReference; lastKnownFileType = sourcecode.swift; path = UserAPI.swift; sourceTree = "<group>"; };
		4BFF7AA32B5E4653009A8DC4 /* UserService.swift */ = {isa = PBXFileReference; lastKnownFileType = sourcecode.swift; path = UserService.swift; sourceTree = "<group>"; };
		4BFF7AA62B5E5E2D009A8DC4 /* ProfileResponse.swift */ = {isa = PBXFileReference; lastKnownFileType = sourcecode.swift; path = ProfileResponse.swift; sourceTree = "<group>"; };
		4BFF7AA92B5E5EA1009A8DC4 /* ProfileEntity.swift */ = {isa = PBXFileReference; lastKnownFileType = sourcecode.swift; path = ProfileEntity.swift; sourceTree = "<group>"; };
		4BFF7AAC2B5E5FFC009A8DC4 /* UserServiceError.swift */ = {isa = PBXFileReference; lastKnownFileType = sourcecode.swift; path = UserServiceError.swift; sourceTree = "<group>"; };
		4BFF7AB22B5E899B009A8DC4 /* FeedAPI.swift */ = {isa = PBXFileReference; lastKnownFileType = sourcecode.swift; path = FeedAPI.swift; sourceTree = "<group>"; };
		4BFF7AB62B5E9EBC009A8DC4 /* PostDatePickerView.swift */ = {isa = PBXFileReference; lastKnownFileType = sourcecode.swift; path = PostDatePickerView.swift; sourceTree = "<group>"; };
/* End PBXFileReference section */

/* Begin PBXFrameworksBuildPhase section */
		4B1181322B53A5A500B1C04D /* Frameworks */ = {
			isa = PBXFrameworksBuildPhase;
			buildActionMask = 2147483647;
			files = (
				4B8A4D4D2B5A448D007F7A3F /* Kingfisher in Frameworks */,
				4B1181542B53A83B00B1C04D /* SnapKit in Frameworks */,
				4B1181592B53A85900B1C04D /* Then in Frameworks */,
				4B8A4D0A2B56ED2C007F7A3F /* SwiftKeychainWrapper in Frameworks */,
				4B1181692B53A87F00B1C04D /* RxCocoa in Frameworks */,
				4B11815E2B53A87100B1C04D /* Moya in Frameworks */,
				4B8A4D262B5824C8007F7A3F /* Swinject in Frameworks */,
				4B1181622B53A87100B1C04D /* RxMoya in Frameworks */,
				4B1181712B53A87F00B1C04D /* RxSwift in Frameworks */,
				4B11816D2B53A87F00B1C04D /* RxRelay in Frameworks */,
				4B1181652B53A87F00B1C04D /* RxBlocking in Frameworks */,
				4B11817A2B53A8A400B1C04D /* RxFlow in Frameworks */,
			);
			runOnlyForDeploymentPostprocessing = 0;
		};
/* End PBXFrameworksBuildPhase section */

/* Begin PBXGroup section */
		4B11812C2B53A5A500B1C04D = {
			isa = PBXGroup;
			children = (
				4B1181372B53A5A500B1C04D /* Boheom */,
				4B1181362B53A5A500B1C04D /* Products */,
			);
			sourceTree = "<group>";
		};
		4B1181362B53A5A500B1C04D /* Products */ = {
			isa = PBXGroup;
			children = (
				4B1181352B53A5A500B1C04D /* Boheom.app */,
			);
			name = Products;
			sourceTree = "<group>";
		};
		4B1181372B53A5A500B1C04D /* Boheom */ = {
			isa = PBXGroup;
			children = (
				4B8A4CF12B56CFA8007F7A3F /* Service */,
				4B11814E2B53A5DD00B1C04D /* SuportFile */,
				4B11814C2B53A5C300B1C04D /* Application */,
				4B11814D2B53A5D300B1C04D /* Resource */,
				4B11814F2B53A61400B1C04D /* Source */,
			);
			path = Boheom;
			sourceTree = "<group>";
		};
		4B11814C2B53A5C300B1C04D /* Application */ = {
			isa = PBXGroup;
			children = (
				4B11813A2B53A5A500B1C04D /* SceneDelegate.swift */,
				4B1181382B53A5A500B1C04D /* AppDelegate.swift */,
				4B8A4D292B582549007F7A3F /* AppDI.swift */,
			);
			path = Application;
			sourceTree = "<group>";
		};
		4B11814D2B53A5D300B1C04D /* Resource */ = {
			isa = PBXGroup;
			children = (
				4B8A4CB62B53E1C4007F7A3F /* Flow */,
				4B8A4CB32B53DF2E007F7A3F /* Image */,
				4B1181512B53A7AD00B1C04D /* Font */,
				4B1181412B53A5A700B1C04D /* Assets.xcassets */,
				4B1181432B53A5A700B1C04D /* LaunchScreen.storyboard */,
			);
			path = Resource;
			sourceTree = "<group>";
		};
		4B11814E2B53A5DD00B1C04D /* SuportFile */ = {
			isa = PBXGroup;
			children = (
				4B1181462B53A5A700B1C04D /* Info.plist */,
				4B8A4D012B56E540007F7A3F /* BoheomConfig.xcconfig */,
			);
			path = SuportFile;
			sourceTree = "<group>";
		};
		4B11814F2B53A61400B1C04D /* Source */ = {
			isa = PBXGroup;
			children = (
				4B8A4D762B5D7DEE007F7A3F /* Uilt */,
				4B8A4CD02B542CC7007F7A3F /* Component */,
				4B8A4CCB2B5428D7007F7A3F /* Extention */,
				4B8A4CC12B542241007F7A3F /* Base */,
				4B1181502B53A71C00B1C04D /* Scene */,
			);
			path = Source;
			sourceTree = "<group>";
		};
		4B1181502B53A71C00B1C04D /* Scene */ = {
			isa = PBXGroup;
			children = (
				4BE00E732B63BC1E0023115A /* ApplyList */,
				4B8A4D692B5BFA58007F7A3F /* Toast */,
				4B8A4D502B5A860B007F7A3F /* Post */,
				4B8A4D412B5A3E47007F7A3F /* Profile */,
				4B8A4D2B2B58D91E007F7A3F /* Home */,
				4B8A4CD32B54F7BC007F7A3F /* Auth */,
				4B8A4CC82B5425F3007F7A3F /* OnBoarding */,
			);
			path = Scene;
			sourceTree = "<group>";
		};
		4B1181512B53A7AD00B1C04D /* Font */ = {
			isa = PBXGroup;
			children = (
				4B11818D2B53DA0100B1C04D /* UIFont+.swift */,
				4B11817B2B53CF5800B1C04D /* Pretendard-Black.otf */,
				4B11817D2B53CF5800B1C04D /* Pretendard-Bold.otf */,
				4B1181832B53CF5800B1C04D /* Pretendard-ExtraBold.otf */,
				4B11817C2B53CF5800B1C04D /* Pretendard-ExtraLight.otf */,
				4B1181802B53CF5800B1C04D /* Pretendard-Light.otf */,
				4B11817E2B53CF5800B1C04D /* Pretendard-Medium.otf */,
				4B11817F2B53CF5800B1C04D /* Pretendard-Regular.otf */,
				4B1181812B53CF5800B1C04D /* Pretendard-SemiBold.otf */,
				4B1181822B53CF5800B1C04D /* Pretendard-Thin.otf */,
			);
			path = Font;
			sourceTree = "<group>";
		};
		4B8A4CB32B53DF2E007F7A3F /* Image */ = {
			isa = PBXGroup;
			children = (
				4B8A4CB42B53DF4D007F7A3F /* boheom-logo.png */,
			);
			path = Image;
			sourceTree = "<group>";
		};
		4B8A4CB62B53E1C4007F7A3F /* Flow */ = {
			isa = PBXGroup;
			children = (
				4B8A4CBA2B541AD5007F7A3F /* Flows */,
				4B8A4CB72B53E1C9007F7A3F /* Steps */,
			);
			path = Flow;
			sourceTree = "<group>";
		};
		4B8A4CB72B53E1C9007F7A3F /* Steps */ = {
			isa = PBXGroup;
			children = (
				4B8A4CB82B53E1DF007F7A3F /* BoheomStep.swift */,
			);
			path = Steps;
			sourceTree = "<group>";
		};
		4B8A4CBA2B541AD5007F7A3F /* Flows */ = {
			isa = PBXGroup;
			children = (
				4B8A4CBF2B541E03007F7A3F /* AppFlow.swift */,
				4B8A4CBB2B541AED007F7A3F /* AuthFlow.swift */,
				4B8A4CEF2B567600007F7A3F /* SignupFlow.swift */,
				4B8A4D332B58DEE4007F7A3F /* HomeFlow.swift */,
				4BE00E622B624C640023115A /* AppStepper.swift */,
			);
			path = Flows;
			sourceTree = "<group>";
		};
		4B8A4CC12B542241007F7A3F /* Base */ = {
			isa = PBXGroup;
			children = (
				4B8A4CC22B542253007F7A3F /* ViewModelType.swift */,
				4B8A4CC42B5422F4007F7A3F /* BaseVC.swift */,
			);
			path = Base;
			sourceTree = "<group>";
		};
		4B8A4CC82B5425F3007F7A3F /* OnBoarding */ = {
			isa = PBXGroup;
			children = (
				4B8A4CBD2B541C39007F7A3F /* OnBoardingViewController.swift */,
				4B8A4CC92B542610007F7A3F /* OnBoardingViewModel.swift */,
			);
			path = OnBoarding;
			sourceTree = "<group>";
		};
		4B8A4CCB2B5428D7007F7A3F /* Extention */ = {
			isa = PBXGroup;
			children = (
				4B8A4CCC2B54292C007F7A3F /* UILabel+boheomLabel.swift */,
				4B8A4CCE2B542A11007F7A3F /* UIView+addSubviews.swift */,
				4B8A4D392B58FF82007F7A3F /* UIView+setShadow.swift */,
				4BE00E592B5FD1890023115A /* Date+toString.swift */,
				4BE00E5B2B5FD1930023115A /* String+toDate.swift */,
			);
			path = Extention;
			sourceTree = "<group>";
		};
		4B8A4CD02B542CC7007F7A3F /* Component */ = {
			isa = PBXGroup;
			children = (
				4B8A4CE72B564E77007F7A3F /* SubContentHeader.swift */,
				4B8A4D3F2B591C9F007F7A3F /* IconLabel.swift */,
				4B8A4D372B58FABA007F7A3F /* PostCollectionViewCell.swift */,
				4B8A4CD12B542DC0007F7A3F /* BoheomButton.swift */,
				4B8A4CE12B550031007F7A3F /* BoheomTextField.swift */,
				4B8A4D5E2B5A942F007F7A3F /* BoheomTextView.swift */,
				4B8A4D352B58E56F007F7A3F /* BoheomListHeader.swift */,
				4B8A4D4E2B5A525C007F7A3F /* BoheomBackButton.swift */,
				4BE00E792B6418020023115A /* BohomePlaceholderView.swift */,
			);
			path = Component;
			sourceTree = "<group>";
		};
		4B8A4CD32B54F7BC007F7A3F /* Auth */ = {
			isa = PBXGroup;
			children = (
				4B8A4CD52B54F7CF007F7A3F /* Login */,
				4B8A4CD42B54F7CA007F7A3F /* Signup */,
			);
			path = Auth;
			sourceTree = "<group>";
		};
		4B8A4CD42B54F7CA007F7A3F /* Signup */ = {
			isa = PBXGroup;
			children = (
				4B8A4D732B5D63AD007F7A3F /* Util */,
				4B8A4CD62B54F7E4007F7A3F /* SignupNicknameViewController.swift */,
				4B8A4CE92B5672AC007F7A3F /* SignupIDViewController.swift */,
				4B8A4CEB2B5672B9007F7A3F /* SignupPasswordViewController.swift */,
				4B8A4CED2B5672E9007F7A3F /* SignupCompleteViewController.swift */,
				4B8A4CD82B54F808007F7A3F /* SignupViewModel.swift */,
			);
			path = Signup;
			sourceTree = "<group>";
		};
		4B8A4CD52B54F7CF007F7A3F /* Login */ = {
			isa = PBXGroup;
			children = (
				4B8A4D702B5CFE81007F7A3F /* Util */,
				4B8A4CDE2B54FBB0007F7A3F /* Component */,
				4B8A4CDA2B54F850007F7A3F /* LoginViewController.swift */,
				4B8A4CDC2B54F861007F7A3F /* LoginViewModel.swift */,
			);
			path = Login;
			sourceTree = "<group>";
		};
		4B8A4CDE2B54FBB0007F7A3F /* Component */ = {
			isa = PBXGroup;
			children = (
				4B8A4CDF2B54FBCB007F7A3F /* LoginDynamicHeader.swift */,
			);
			path = Component;
			sourceTree = "<group>";
		};
		4B8A4CF12B56CFA8007F7A3F /* Service */ = {
			isa = PBXGroup;
			children = (
				4B8A4D002B56D9FF007F7A3F /* Util */,
				4BFF7AAE2B5E8751009A8DC4 /* FeedService */,
				4BFF7A9D2B5E44CD009A8DC4 /* UserService */,
				4B8A4CF42B56CFEC007F7A3F /* AuthService */,
			);
			path = Service;
			sourceTree = "<group>";
		};
		4B8A4CF22B56CFD1007F7A3F /* Logger */ = {
			isa = PBXGroup;
			children = (
				4B8A4D0B2B56F1BB007F7A3F /* MoyaLoggingPlugin.swift */,
			);
			path = Logger;
			sourceTree = "<group>";
		};
		4B8A4CF42B56CFEC007F7A3F /* AuthService */ = {
			isa = PBXGroup;
			children = (
				4B8A4CF52B56CFF5007F7A3F /* API */,
				4B8A4D1B2B579E41007F7A3F /* Domain */,
				4B8A4D112B579BFC007F7A3F /* Data */,
			);
			path = AuthService;
			sourceTree = "<group>";
		};
		4B8A4CF52B56CFF5007F7A3F /* API */ = {
			isa = PBXGroup;
			children = (
				4B8A4CF62B56D029007F7A3F /* AuthAPI.swift */,
			);
			path = API;
			sourceTree = "<group>";
		};
		4B8A4CF82B56D190007F7A3F /* API */ = {
			isa = PBXGroup;
			children = (
				4B8A4CF92B56D19E007F7A3F /* BoheomAPI.swift */,
				4B8A4D1F2B57B2D8007F7A3F /* RestApiRemoteService.swift */,
			);
			path = API;
			sourceTree = "<group>";
		};
		4B8A4CFB2B56D68D007F7A3F /* JWT */ = {
			isa = PBXGroup;
			children = (
				4B8A4D062B56EA95007F7A3F /* JWTTokenStorage.swift */,
				4B8A4CFC2B56D6A5007F7A3F /* JWTTokenType.swift */,
				4B8A4CFE2B56D921007F7A3F /* JWTPlugin.swift */,
			);
			path = JWT;
			sourceTree = "<group>";
		};
		4B8A4D002B56D9FF007F7A3F /* Util */ = {
			isa = PBXGroup;
			children = (
				4BE00E642B624D3D0023115A /* Keychain */,
				4BE00E5F2B616D2A0023115A /* Error */,
				4B8A4CF22B56CFD1007F7A3F /* Logger */,
				4B8A4CF82B56D190007F7A3F /* API */,
				4B8A4D032B56E698007F7A3F /* Bundle */,
				4B8A4CFB2B56D68D007F7A3F /* JWT */,
			);
			path = Util;
			sourceTree = "<group>";
		};
		4B8A4D032B56E698007F7A3F /* Bundle */ = {
			isa = PBXGroup;
			children = (
				4B8A4D042B56E6C1007F7A3F /* BoheomBundle.swift */,
			);
			path = Bundle;
			sourceTree = "<group>";
		};
		4B8A4D112B579BFC007F7A3F /* Data */ = {
			isa = PBXGroup;
			children = (
				4B8A4D1C2B579E85007F7A3F /* Request */,
				4B8A4D122B579C14007F7A3F /* Response */,
			);
			path = Data;
			sourceTree = "<group>";
		};
		4B8A4D122B579C14007F7A3F /* Response */ = {
			isa = PBXGroup;
			children = (
				4B8A4D192B579DD2007F7A3F /* LoginTokenResponse.swift */,
			);
			path = Response;
			sourceTree = "<group>";
		};
		4B8A4D162B579D15007F7A3F /* Entity */ = {
			isa = PBXGroup;
			children = (
				4B8A4D172B579D41007F7A3F /* LoginTokenEntity.swift */,
			);
			path = Entity;
			sourceTree = "<group>";
		};
		4B8A4D1B2B579E41007F7A3F /* Domain */ = {
			isa = PBXGroup;
			children = (
				4B8A4D142B579C39007F7A3F /* AuthService.swift */,
				4B8A4D212B57B8E2007F7A3F /* Error */,
				4B8A4D162B579D15007F7A3F /* Entity */,
			);
			path = Domain;
			sourceTree = "<group>";
		};
		4B8A4D1C2B579E85007F7A3F /* Request */ = {
			isa = PBXGroup;
			children = (
				4B8A4D1D2B579E9D007F7A3F /* LoginUserInfoRequest.swift */,
				4B8A4D672B5BE91E007F7A3F /* SignupUserInfoRequest.swift */,
			);
			path = Request;
			sourceTree = "<group>";
		};
		4B8A4D212B57B8E2007F7A3F /* Error */ = {
			isa = PBXGroup;
			children = (
				4B8A4D222B57B8FF007F7A3F /* AuthServiceError.swift */,
			);
			path = Error;
			sourceTree = "<group>";
		};
		4B8A4D2B2B58D91E007F7A3F /* Home */ = {
			isa = PBXGroup;
			children = (
				4B8A4D302B58D9CE007F7A3F /* Component */,
				4B8A4D2C2B58D937007F7A3F /* HomeViewController.swift */,
				4B8A4D2E2B58D95B007F7A3F /* HomeViewModel.swift */,
			);
			path = Home;
			sourceTree = "<group>";
		};
		4B8A4D302B58D9CE007F7A3F /* Component */ = {
			isa = PBXGroup;
			children = (
				4B8A4D312B58D9D8007F7A3F /* HomeHeaderView.swift */,
				4B8A4D3B2B59166F007F7A3F /* HomeFooterButton.swift */,
				4BE00E572B5FC1240023115A /* HomeFloatingButton.swift */,
			);
			path = Component;
			sourceTree = "<group>";
		};
		4B8A4D412B5A3E47007F7A3F /* Profile */ = {
			isa = PBXGroup;
			children = (
				4B8A4D462B5A4035007F7A3F /* Component */,
				4B8A4D422B5A3E80007F7A3F /* ProfileViewController.swift */,
				4B8A4D442B5A3E91007F7A3F /* ProfileViewModel.swift */,
			);
			path = Profile;
			sourceTree = "<group>";
		};
		4B8A4D462B5A4035007F7A3F /* Component */ = {
			isa = PBXGroup;
			children = (
				4B8A4D472B5A404B007F7A3F /* ProfileBackgroundView.swift */,
				4B8A4D492B5A4237007F7A3F /* ProfileHeaderView.swift */,
			);
			path = Component;
			sourceTree = "<group>";
		};
		4B8A4D502B5A860B007F7A3F /* Post */ = {
			isa = PBXGroup;
			children = (
				4B8A4D512B5A8614007F7A3F /* PostDetail */,
				4B8A4D562B5A8695007F7A3F /* PostWrite */,
			);
			path = Post;
			sourceTree = "<group>";
		};
		4B8A4D512B5A8614007F7A3F /* PostDetail */ = {
			isa = PBXGroup;
			children = (
				4B8A4D5B2B5A876F007F7A3F /* Component */,
				4B8A4D522B5A862D007F7A3F /* PostDetailViewController.swift */,
				4B8A4D542B5A8673007F7A3F /* PostDetailViewModel.swift */,
			);
			path = PostDetail;
			sourceTree = "<group>";
		};
		4B8A4D562B5A8695007F7A3F /* PostWrite */ = {
			isa = PBXGroup;
			children = (
				4B8A4D602B5AA2B1007F7A3F /* Component */,
				4B8A4D572B5A86BC007F7A3F /* PostWriteViewController.swift */,
				4B8A4D592B5A86C7007F7A3F /* PostWriteViewModel.swift */,
			);
			path = PostWrite;
			sourceTree = "<group>";
		};
		4B8A4D5B2B5A876F007F7A3F /* Component */ = {
			isa = PBXGroup;
			children = (
				4B8A4D5C2B5A8786007F7A3F /* PostDetailHeaderView.swift */,
			);
			path = Component;
			sourceTree = "<group>";
		};
		4B8A4D602B5AA2B1007F7A3F /* Component */ = {
			isa = PBXGroup;
			children = (
				4BFF7AB52B5E9E6F009A8DC4 /* DatePicker */,
				4BFF7AB42B5E9E61009A8DC4 /* Category */,
				4BE00E6F2B6387E50023115A /* EditContentView.swift */,
			);
			path = Component;
			sourceTree = "<group>";
		};
		4B8A4D692B5BFA58007F7A3F /* Toast */ = {
			isa = PBXGroup;
			children = (
				4B8A4D6C2B5C2523007F7A3F /* Component */,
				4B8A4D6A2B5BFA73007F7A3F /* ToastViewController.swift */,
			);
			path = Toast;
			sourceTree = "<group>";
		};
		4B8A4D6C2B5C2523007F7A3F /* Component */ = {
			isa = PBXGroup;
			children = (
				4B8A4D6D2B5C2531007F7A3F /* ToastView.swift */,
			);
			path = Component;
			sourceTree = "<group>";
		};
		4B8A4D702B5CFE81007F7A3F /* Util */ = {
			isa = PBXGroup;
			children = (
				4B8A4D712B5CFEB7007F7A3F /* InfoChecker.swift */,
			);
			path = Util;
			sourceTree = "<group>";
		};
		4B8A4D732B5D63AD007F7A3F /* Util */ = {
			isa = PBXGroup;
			children = (
				4B8A4D742B5D63C8007F7A3F /* SignupInfoStrage.swift */,
			);
			path = Util;
			sourceTree = "<group>";
		};
		4B8A4D762B5D7DEE007F7A3F /* Uilt */ = {
			isa = PBXGroup;
			children = (
				4B8A4D772B5D7E39007F7A3F /* HapticManager.swift */,
				4BE00E5D2B5FD1D70023115A /* DateFormatIndicated.swift */,
			);
			path = Uilt;
			sourceTree = "<group>";
		};
		4BE00E3F2B5F89170023115A /* Response */ = {
			isa = PBXGroup;
			children = (
				4BE00E4D2B5F940A0023115A /* PostListResponse.swift */,
				4BE00E482B5F8A7C0023115A /* PostDetailResponse.swift */,
				4BE00E402B5F89290023115A /* PostResponse.swift */,
				4BE00E692B62C0F50023115A /* ApplyerListResponse.swift */,
			);
			path = Response;
			sourceTree = "<group>";
		};
		4BE00E422B5F89C60023115A /* Entity */ = {
			isa = PBXGroup;
			children = (
				4BE00E4F2B5F94510023115A /* PostListEntity.swift */,
				4BE00E4A2B5F8B630023115A /* PostDetailEntity.swift */,
				4BE00E432B5F89D20023115A /* PostEntity.swift */,
				4BE00E6D2B62C13A0023115A /* ApplyerListEntity.swift */,
			);
			path = Entity;
			sourceTree = "<group>";
		};
		4BE00E452B5F8A320023115A /* Request */ = {
			isa = PBXGroup;
			children = (
				4BE00E462B5F8A3C0023115A /* PostRequest.swift */,
			);
			path = Request;
			sourceTree = "<group>";
		};
		4BE00E542B5F996A0023115A /* Error */ = {
			isa = PBXGroup;
			children = (
				4BE00E552B5F99750023115A /* FeedServiceError.swift */,
			);
			path = Error;
			sourceTree = "<group>";
		};
		4BE00E5F2B616D2A0023115A /* Error */ = {
			isa = PBXGroup;
			children = (
				4BE00E602B616D3B0023115A /* ServiceError.swift */,
			);
			path = Error;
			sourceTree = "<group>";
		};
		4BE00E642B624D3D0023115A /* Keychain */ = {
			isa = PBXGroup;
			children = (
				4BE00E652B624D550023115A /* KeychainStorage.swift */,
			);
			path = Keychain;
			sourceTree = "<group>";
		};
		4BE00E732B63BC1E0023115A /* ApplyList */ = {
			isa = PBXGroup;
			children = (
				4BE00E762B63BF220023115A /* Component */,
				4BE00E712B63BAB30023115A /* ApplyerListViewController.swift */,
				4BE00E742B63BC370023115A /* ApplyerListViewModel.swift */,
			);
			path = ApplyList;
			sourceTree = "<group>";
		};
		4BE00E762B63BF220023115A /* Component */ = {
			isa = PBXGroup;
			children = (
				4BE00E772B63BF440023115A /* ApplyListTableViewCell.swift */,
			);
			path = Component;
			sourceTree = "<group>";
		};
		4BFF7A9D2B5E44CD009A8DC4 /* UserService */ = {
			isa = PBXGroup;
			children = (
				4BFF7A9E2B5E44F7009A8DC4 /* API */,
				4BFF7AA22B5E4631009A8DC4 /* Domain */,
				4BFF7AA12B5E462D009A8DC4 /* Data */,
			);
			path = UserService;
			sourceTree = "<group>";
		};
		4BFF7A9E2B5E44F7009A8DC4 /* API */ = {
			isa = PBXGroup;
			children = (
				4BFF7A9F2B5E450B009A8DC4 /* UserAPI.swift */,
			);
			path = API;
			sourceTree = "<group>";
		};
		4BFF7AA12B5E462D009A8DC4 /* Data */ = {
			isa = PBXGroup;
			children = (
				4BFF7AA52B5E5E1D009A8DC4 /* Response */,
			);
			path = Data;
			sourceTree = "<group>";
		};
		4BFF7AA22B5E4631009A8DC4 /* Domain */ = {
			isa = PBXGroup;
			children = (
				4BFF7AA32B5E4653009A8DC4 /* UserService.swift */,
				4BFF7AAB2B5E5FEB009A8DC4 /* Error */,
				4BFF7AA82B5E5E95009A8DC4 /* Entity */,
			);
			path = Domain;
			sourceTree = "<group>";
		};
		4BFF7AA52B5E5E1D009A8DC4 /* Response */ = {
			isa = PBXGroup;
			children = (
				4BFF7AA62B5E5E2D009A8DC4 /* ProfileResponse.swift */,
			);
			path = Response;
			sourceTree = "<group>";
		};
		4BFF7AA82B5E5E95009A8DC4 /* Entity */ = {
			isa = PBXGroup;
			children = (
				4BFF7AA92B5E5EA1009A8DC4 /* ProfileEntity.swift */,
			);
			path = Entity;
			sourceTree = "<group>";
		};
		4BFF7AAB2B5E5FEB009A8DC4 /* Error */ = {
			isa = PBXGroup;
			children = (
				4BFF7AAC2B5E5FFC009A8DC4 /* UserServiceError.swift */,
			);
			path = Error;
			sourceTree = "<group>";
		};
		4BFF7AAE2B5E8751009A8DC4 /* FeedService */ = {
			isa = PBXGroup;
			children = (
				4BFF7AAF2B5E8760009A8DC4 /* API */,
				4BFF7AB12B5E8768009A8DC4 /* Domain */,
				4BFF7AB02B5E8765009A8DC4 /* Data */,
			);
			path = FeedService;
			sourceTree = "<group>";
		};
		4BFF7AAF2B5E8760009A8DC4 /* API */ = {
			isa = PBXGroup;
			children = (
				4BFF7AB22B5E899B009A8DC4 /* FeedAPI.swift */,
			);
			path = API;
			sourceTree = "<group>";
		};
		4BFF7AB02B5E8765009A8DC4 /* Data */ = {
			isa = PBXGroup;
			children = (
				4BE00E452B5F8A320023115A /* Request */,
				4BE00E3F2B5F89170023115A /* Response */,
			);
			path = Data;
			sourceTree = "<group>";
		};
		4BFF7AB12B5E8768009A8DC4 /* Domain */ = {
			isa = PBXGroup;
			children = (
				4BE00E522B5F96CF0023115A /* FeedService.swift */,
				4BE00E542B5F996A0023115A /* Error */,
				4BE00E422B5F89C60023115A /* Entity */,
			);
			path = Domain;
			sourceTree = "<group>";
		};
		4BFF7AB42B5E9E61009A8DC4 /* Category */ = {
			isa = PBXGroup;
			children = (
				4B8A4D652B5AD69B007F7A3F /* CategoryCollectionLayout.swift */,
				4B8A4D612B5AA2E6007F7A3F /* CategoryInputTextField.swift */,
				4B8A4D632B5AB8C8007F7A3F /* CategoryListViewCell.swift */,
			);
			path = Category;
			sourceTree = "<group>";
		};
		4BFF7AB52B5E9E6F009A8DC4 /* DatePicker */ = {
			isa = PBXGroup;
			children = (
				4BFF7AB62B5E9EBC009A8DC4 /* PostDatePickerView.swift */,
				4BE00E3D2B5F6FF40023115A /* BoheomDatePicker.swift */,
			);
			path = DatePicker;
			sourceTree = "<group>";
		};
/* End PBXGroup section */

/* Begin PBXNativeTarget section */
		4B1181342B53A5A500B1C04D /* Boheom */ = {
			isa = PBXNativeTarget;
			buildConfigurationList = 4B1181492B53A5A700B1C04D /* Build configuration list for PBXNativeTarget "Boheom" */;
			buildPhases = (
				4B1181312B53A5A500B1C04D /* Sources */,
				4B1181322B53A5A500B1C04D /* Frameworks */,
				4B1181332B53A5A500B1C04D /* Resources */,
			);
			buildRules = (
			);
			dependencies = (
			);
			name = Boheom;
			packageProductDependencies = (
				4B1181532B53A83B00B1C04D /* SnapKit */,
				4B1181582B53A85900B1C04D /* Then */,
				4B11815D2B53A87100B1C04D /* Moya */,
				4B1181612B53A87100B1C04D /* RxMoya */,
				4B1181642B53A87F00B1C04D /* RxBlocking */,
				4B1181682B53A87F00B1C04D /* RxCocoa */,
				4B11816C2B53A87F00B1C04D /* RxRelay */,
				4B1181702B53A87F00B1C04D /* RxSwift */,
				4B1181792B53A8A400B1C04D /* RxFlow */,
				4B8A4D092B56ED2C007F7A3F /* SwiftKeychainWrapper */,
				4B8A4D252B5824C8007F7A3F /* Swinject */,
				4B8A4D4C2B5A448D007F7A3F /* Kingfisher */,
			);
			productName = Boheom;
			productReference = 4B1181352B53A5A500B1C04D /* Boheom.app */;
			productType = "com.apple.product-type.application";
		};
/* End PBXNativeTarget section */

/* Begin PBXProject section */
		4B11812D2B53A5A500B1C04D /* Project object */ = {
			isa = PBXProject;
			attributes = {
				BuildIndependentTargetsInParallel = 1;
				LastSwiftUpdateCheck = 1500;
				LastUpgradeCheck = 1500;
				TargetAttributes = {
					4B1181342B53A5A500B1C04D = {
						CreatedOnToolsVersion = 15.0;
					};
				};
			};
			buildConfigurationList = 4B1181302B53A5A500B1C04D /* Build configuration list for PBXProject "Boheom" */;
			compatibilityVersion = "Xcode 14.0";
			developmentRegion = en;
			hasScannedForEncodings = 0;
			knownRegions = (
				en,
				Base,
			);
			mainGroup = 4B11812C2B53A5A500B1C04D;
			packageReferences = (
				4B1181522B53A83B00B1C04D /* XCRemoteSwiftPackageReference "SnapKit" */,
				4B1181572B53A85900B1C04D /* XCRemoteSwiftPackageReference "Then" */,
				4B11815A2B53A87100B1C04D /* XCRemoteSwiftPackageReference "Moya" */,
				4B1181632B53A87F00B1C04D /* XCRemoteSwiftPackageReference "RxSwift" */,
				4B1181782B53A8A400B1C04D /* XCRemoteSwiftPackageReference "RxFlow" */,
				4B8A4D082B56ED2C007F7A3F /* XCRemoteSwiftPackageReference "SwiftKeychainWrapper" */,
				4B8A4D242B5824C8007F7A3F /* XCRemoteSwiftPackageReference "Swinject" */,
				4B8A4D4B2B5A448D007F7A3F /* XCRemoteSwiftPackageReference "Kingfisher" */,
			);
			productRefGroup = 4B1181362B53A5A500B1C04D /* Products */;
			projectDirPath = "";
			projectRoot = "";
			targets = (
				4B1181342B53A5A500B1C04D /* Boheom */,
			);
		};
/* End PBXProject section */

/* Begin PBXResourcesBuildPhase section */
		4B1181332B53A5A500B1C04D /* Resources */ = {
			isa = PBXResourcesBuildPhase;
			buildActionMask = 2147483647;
			files = (
				4B1181452B53A5A700B1C04D /* LaunchScreen.storyboard in Resources */,
				4B11818B2B53CF5800B1C04D /* Pretendard-Thin.otf in Resources */,
				4B1181892B53CF5800B1C04D /* Pretendard-Light.otf in Resources */,
				4B1181862B53CF5800B1C04D /* Pretendard-Bold.otf in Resources */,
				4B1181842B53CF5800B1C04D /* Pretendard-Black.otf in Resources */,
				4B8A4D022B56E5A0007F7A3F /* BoheomConfig.xcconfig in Resources */,
				4B1181852B53CF5800B1C04D /* Pretendard-ExtraLight.otf in Resources */,
				4B8A4CB52B53DF4D007F7A3F /* boheom-logo.png in Resources */,
				4B11818C2B53CF5800B1C04D /* Pretendard-ExtraBold.otf in Resources */,
				4B1181882B53CF5800B1C04D /* Pretendard-Regular.otf in Resources */,
				4B11818A2B53CF5800B1C04D /* Pretendard-SemiBold.otf in Resources */,
				4B1181422B53A5A700B1C04D /* Assets.xcassets in Resources */,
				4B1181872B53CF5800B1C04D /* Pretendard-Medium.otf in Resources */,
			);
			runOnlyForDeploymentPostprocessing = 0;
		};
/* End PBXResourcesBuildPhase section */

/* Begin PBXSourcesBuildPhase section */
		4B1181312B53A5A500B1C04D /* Sources */ = {
			isa = PBXSourcesBuildPhase;
			buildActionMask = 2147483647;
			files = (
				4B11818E2B53DA0100B1C04D /* UIFont+.swift in Sources */,
				4BE00E472B5F8A3C0023115A /* PostRequest.swift in Sources */,
				4B8A4D072B56EA95007F7A3F /* JWTTokenStorage.swift in Sources */,
				4B8A4D1A2B579DD2007F7A3F /* LoginTokenResponse.swift in Sources */,
				4B8A4D2F2B58D95B007F7A3F /* HomeViewModel.swift in Sources */,
				4B8A4D4A2B5A4237007F7A3F /* ProfileHeaderView.swift in Sources */,
				4B8A4D5F2B5A942F007F7A3F /* BoheomTextView.swift in Sources */,
				4B8A4D622B5AA2E6007F7A3F /* CategoryInputTextField.swift in Sources */,
				4B8A4CC02B541E03007F7A3F /* AppFlow.swift in Sources */,
				4B8A4CBE2B541C39007F7A3F /* OnBoardingViewController.swift in Sources */,
				4B8A4D432B5A3E80007F7A3F /* ProfileViewController.swift in Sources */,
				4B1181392B53A5A500B1C04D /* AppDelegate.swift in Sources */,
				4BE00E702B6387E50023115A /* EditContentView.swift in Sources */,
				4B8A4D152B579C39007F7A3F /* AuthService.swift in Sources */,
				4B8A4D382B58FABA007F7A3F /* PostCollectionViewCell.swift in Sources */,
				4B8A4CEA2B5672AC007F7A3F /* SignupIDViewController.swift in Sources */,
				4BFF7AB72B5E9EBC009A8DC4 /* PostDatePickerView.swift in Sources */,
				4B8A4CE22B550031007F7A3F /* BoheomTextField.swift in Sources */,
				4B8A4CC52B5422F4007F7A3F /* BaseVC.swift in Sources */,
				4B8A4D6E2B5C2531007F7A3F /* ToastView.swift in Sources */,
				4B8A4D182B579D41007F7A3F /* LoginTokenEntity.swift in Sources */,
				4BFF7AA72B5E5E2D009A8DC4 /* ProfileResponse.swift in Sources */,
				4B8A4D2D2B58D937007F7A3F /* HomeViewController.swift in Sources */,
				4B8A4D682B5BE91E007F7A3F /* SignupUserInfoRequest.swift in Sources */,
				4BE00E412B5F89290023115A /* PostResponse.swift in Sources */,
				4B8A4D642B5AB8C8007F7A3F /* CategoryListViewCell.swift in Sources */,
				4BE00E662B624D550023115A /* KeychainStorage.swift in Sources */,
				4BE00E722B63BAB30023115A /* ApplyerListViewController.swift in Sources */,
				4BFF7AA02B5E450B009A8DC4 /* UserAPI.swift in Sources */,
				4BE00E782B63BF440023115A /* ApplyListTableViewCell.swift in Sources */,
				4B8A4CCD2B54292C007F7A3F /* UILabel+boheomLabel.swift in Sources */,
				4B8A4D402B591C9F007F7A3F /* IconLabel.swift in Sources */,
				4B8A4CE02B54FBCB007F7A3F /* LoginDynamicHeader.swift in Sources */,
				4BE00E4E2B5F940A0023115A /* PostListResponse.swift in Sources */,
				4B8A4CD92B54F808007F7A3F /* SignupViewModel.swift in Sources */,
				4B8A4D4F2B5A525C007F7A3F /* BoheomBackButton.swift in Sources */,
				4B8A4D342B58DEE4007F7A3F /* HomeFlow.swift in Sources */,
				4B8A4D0C2B56F1BB007F7A3F /* MoyaLoggingPlugin.swift in Sources */,
				4B8A4D552B5A8673007F7A3F /* PostDetailViewModel.swift in Sources */,
				4B8A4CC32B542253007F7A3F /* ViewModelType.swift in Sources */,
				4B8A4D232B57B8FF007F7A3F /* AuthServiceError.swift in Sources */,
				4B8A4D582B5A86BC007F7A3F /* PostWriteViewController.swift in Sources */,
				4BE00E3E2B5F6FF40023115A /* BoheomDatePicker.swift in Sources */,
				4BFF7AB32B5E899B009A8DC4 /* FeedAPI.swift in Sources */,
				4BE00E4B2B5F8B630023115A /* PostDetailEntity.swift in Sources */,
				4BE00E5A2B5FD1890023115A /* Date+toString.swift in Sources */,
				4B11813B2B53A5A500B1C04D /* SceneDelegate.swift in Sources */,
				4B8A4CD72B54F7E4007F7A3F /* SignupNicknameViewController.swift in Sources */,
				4B8A4D662B5AD69B007F7A3F /* CategoryCollectionLayout.swift in Sources */,
				4BE00E752B63BC370023115A /* ApplyerListViewModel.swift in Sources */,
				4B8A4D362B58E56F007F7A3F /* BoheomListHeader.swift in Sources */,
				4B8A4CEE2B5672E9007F7A3F /* SignupCompleteViewController.swift in Sources */,
				4B8A4CEC2B5672B9007F7A3F /* SignupPasswordViewController.swift in Sources */,
				4BE00E5E2B5FD1D70023115A /* DateFormatIndicated.swift in Sources */,
				4BE00E6A2B62C0F50023115A /* ApplyerListResponse.swift in Sources */,
				4BE00E582B5FC1240023115A /* HomeFloatingButton.swift in Sources */,
				4B8A4CDD2B54F861007F7A3F /* LoginViewModel.swift in Sources */,
				4BE00E442B5F89D20023115A /* PostEntity.swift in Sources */,
				4B8A4D532B5A862D007F7A3F /* PostDetailViewController.swift in Sources */,
				4B8A4D052B56E6C1007F7A3F /* BoheomBundle.swift in Sources */,
				4B8A4D202B57B2D8007F7A3F /* RestApiRemoteService.swift in Sources */,
				4B8A4CFD2B56D6A5007F7A3F /* JWTTokenType.swift in Sources */,
				4B8A4CF72B56D029007F7A3F /* AuthAPI.swift in Sources */,
				4B8A4D1E2B579E9D007F7A3F /* LoginUserInfoRequest.swift in Sources */,
				4BE00E7A2B6418020023115A /* BohomePlaceholderView.swift in Sources */,
				4B8A4D722B5CFEB7007F7A3F /* InfoChecker.swift in Sources */,
				4B8A4D482B5A404B007F7A3F /* ProfileBackgroundView.swift in Sources */,
				4B8A4D5A2B5A86C7007F7A3F /* PostWriteViewModel.swift in Sources */,
				4B8A4D322B58D9D8007F7A3F /* HomeHeaderView.swift in Sources */,
				4B8A4CCA2B542610007F7A3F /* OnBoardingViewModel.swift in Sources */,
				4B8A4CFA2B56D19E007F7A3F /* BoheomAPI.swift in Sources */,
				4B8A4D6B2B5BFA73007F7A3F /* ToastViewController.swift in Sources */,
				4BE00E502B5F94510023115A /* PostListEntity.swift in Sources */,
				4BE00E532B5F96CF0023115A /* FeedService.swift in Sources */,
				4BFF7AA42B5E4653009A8DC4 /* UserService.swift in Sources */,
				4B8A4CF02B567600007F7A3F /* SignupFlow.swift in Sources */,
				4B8A4D2A2B582549007F7A3F /* AppDI.swift in Sources */,
				4B8A4D782B5D7E39007F7A3F /* HapticManager.swift in Sources */,
				4BE00E562B5F99750023115A /* FeedServiceError.swift in Sources */,
				4B8A4CB92B53E1DF007F7A3F /* BoheomStep.swift in Sources */,
				4BE00E612B616D3B0023115A /* ServiceError.swift in Sources */,
				4BFF7AAD2B5E5FFC009A8DC4 /* UserServiceError.swift in Sources */,
				4BE00E5C2B5FD1930023115A /* String+toDate.swift in Sources */,
				4B8A4D5D2B5A8786007F7A3F /* PostDetailHeaderView.swift in Sources */,
				4BE00E632B624C640023115A /* AppStepper.swift in Sources */,
				4B8A4CDB2B54F850007F7A3F /* LoginViewController.swift in Sources */,
				4BFF7AAA2B5E5EA1009A8DC4 /* ProfileEntity.swift in Sources */,
				4B8A4D452B5A3E91007F7A3F /* ProfileViewModel.swift in Sources */,
				4B8A4D3C2B59166F007F7A3F /* HomeFooterButton.swift in Sources */,
				4B8A4CE82B564E77007F7A3F /* SubContentHeader.swift in Sources */,
				4B8A4CBC2B541AED007F7A3F /* AuthFlow.swift in Sources */,
				4BE00E492B5F8A7C0023115A /* PostDetailResponse.swift in Sources */,
				4B8A4D752B5D63C8007F7A3F /* SignupInfoStrage.swift in Sources */,
				4BE00E6E2B62C13A0023115A /* ApplyerListEntity.swift in Sources */,
				4B8A4CD22B542DC0007F7A3F /* BoheomButton.swift in Sources */,
				4B8A4D3A2B58FF82007F7A3F /* UIView+setShadow.swift in Sources */,
				4B8A4CFF2B56D921007F7A3F /* JWTPlugin.swift in Sources */,
				4B8A4CCF2B542A11007F7A3F /* UIView+addSubviews.swift in Sources */,
			);
			runOnlyForDeploymentPostprocessing = 0;
		};
/* End PBXSourcesBuildPhase section */

/* Begin PBXVariantGroup section */
		4B1181432B53A5A700B1C04D /* LaunchScreen.storyboard */ = {
			isa = PBXVariantGroup;
			children = (
				4B1181442B53A5A700B1C04D /* Base */,
			);
			name = LaunchScreen.storyboard;
			sourceTree = "<group>";
		};
/* End PBXVariantGroup section */

/* Begin XCBuildConfiguration section */
		4B1181472B53A5A700B1C04D /* Debug */ = {
			isa = XCBuildConfiguration;
			buildSettings = {
				ALWAYS_SEARCH_USER_PATHS = NO;
				ASSETCATALOG_COMPILER_GENERATE_SWIFT_ASSET_SYMBOL_EXTENSIONS = YES;
				CLANG_ANALYZER_NONNULL = YES;
				CLANG_ANALYZER_NUMBER_OBJECT_CONVERSION = YES_AGGRESSIVE;
				CLANG_CXX_LANGUAGE_STANDARD = "gnu++20";
				CLANG_ENABLE_MODULES = YES;
				CLANG_ENABLE_OBJC_ARC = YES;
				CLANG_ENABLE_OBJC_WEAK = YES;
				CLANG_WARN_BLOCK_CAPTURE_AUTORELEASING = YES;
				CLANG_WARN_BOOL_CONVERSION = YES;
				CLANG_WARN_COMMA = YES;
				CLANG_WARN_CONSTANT_CONVERSION = YES;
				CLANG_WARN_DEPRECATED_OBJC_IMPLEMENTATIONS = YES;
				CLANG_WARN_DIRECT_OBJC_ISA_USAGE = YES_ERROR;
				CLANG_WARN_DOCUMENTATION_COMMENTS = YES;
				CLANG_WARN_EMPTY_BODY = YES;
				CLANG_WARN_ENUM_CONVERSION = YES;
				CLANG_WARN_INFINITE_RECURSION = YES;
				CLANG_WARN_INT_CONVERSION = YES;
				CLANG_WARN_NON_LITERAL_NULL_CONVERSION = YES;
				CLANG_WARN_OBJC_IMPLICIT_RETAIN_SELF = YES;
				CLANG_WARN_OBJC_LITERAL_CONVERSION = YES;
				CLANG_WARN_OBJC_ROOT_CLASS = YES_ERROR;
				CLANG_WARN_QUOTED_INCLUDE_IN_FRAMEWORK_HEADER = YES;
				CLANG_WARN_RANGE_LOOP_ANALYSIS = YES;
				CLANG_WARN_STRICT_PROTOTYPES = YES;
				CLANG_WARN_SUSPICIOUS_MOVE = YES;
				CLANG_WARN_UNGUARDED_AVAILABILITY = YES_AGGRESSIVE;
				CLANG_WARN_UNREACHABLE_CODE = YES;
				CLANG_WARN__DUPLICATE_METHOD_MATCH = YES;
				COPY_PHASE_STRIP = NO;
				DEBUG_INFORMATION_FORMAT = dwarf;
				ENABLE_STRICT_OBJC_MSGSEND = YES;
				ENABLE_TESTABILITY = YES;
				ENABLE_USER_SCRIPT_SANDBOXING = YES;
				GCC_C_LANGUAGE_STANDARD = gnu17;
				GCC_DYNAMIC_NO_PIC = NO;
				GCC_NO_COMMON_BLOCKS = YES;
				GCC_OPTIMIZATION_LEVEL = 0;
				GCC_PREPROCESSOR_DEFINITIONS = (
					"DEBUG=1",
					"$(inherited)",
				);
				GCC_WARN_64_TO_32_BIT_CONVERSION = YES;
				GCC_WARN_ABOUT_RETURN_TYPE = YES_ERROR;
				GCC_WARN_UNDECLARED_SELECTOR = YES;
				GCC_WARN_UNINITIALIZED_AUTOS = YES_AGGRESSIVE;
				GCC_WARN_UNUSED_FUNCTION = YES;
				GCC_WARN_UNUSED_VARIABLE = YES;
				IPHONEOS_DEPLOYMENT_TARGET = 17.0;
				LOCALIZATION_PREFERS_STRING_CATALOGS = YES;
				MTL_ENABLE_DEBUG_INFO = INCLUDE_SOURCE;
				MTL_FAST_MATH = YES;
				ONLY_ACTIVE_ARCH = YES;
				SDKROOT = iphoneos;
				SWIFT_ACTIVE_COMPILATION_CONDITIONS = "DEBUG $(inherited)";
				SWIFT_OPTIMIZATION_LEVEL = "-Onone";
			};
			name = Debug;
		};
		4B1181482B53A5A700B1C04D /* Release */ = {
			isa = XCBuildConfiguration;
			buildSettings = {
				ALWAYS_SEARCH_USER_PATHS = NO;
				ASSETCATALOG_COMPILER_GENERATE_SWIFT_ASSET_SYMBOL_EXTENSIONS = YES;
				CLANG_ANALYZER_NONNULL = YES;
				CLANG_ANALYZER_NUMBER_OBJECT_CONVERSION = YES_AGGRESSIVE;
				CLANG_CXX_LANGUAGE_STANDARD = "gnu++20";
				CLANG_ENABLE_MODULES = YES;
				CLANG_ENABLE_OBJC_ARC = YES;
				CLANG_ENABLE_OBJC_WEAK = YES;
				CLANG_WARN_BLOCK_CAPTURE_AUTORELEASING = YES;
				CLANG_WARN_BOOL_CONVERSION = YES;
				CLANG_WARN_COMMA = YES;
				CLANG_WARN_CONSTANT_CONVERSION = YES;
				CLANG_WARN_DEPRECATED_OBJC_IMPLEMENTATIONS = YES;
				CLANG_WARN_DIRECT_OBJC_ISA_USAGE = YES_ERROR;
				CLANG_WARN_DOCUMENTATION_COMMENTS = YES;
				CLANG_WARN_EMPTY_BODY = YES;
				CLANG_WARN_ENUM_CONVERSION = YES;
				CLANG_WARN_INFINITE_RECURSION = YES;
				CLANG_WARN_INT_CONVERSION = YES;
				CLANG_WARN_NON_LITERAL_NULL_CONVERSION = YES;
				CLANG_WARN_OBJC_IMPLICIT_RETAIN_SELF = YES;
				CLANG_WARN_OBJC_LITERAL_CONVERSION = YES;
				CLANG_WARN_OBJC_ROOT_CLASS = YES_ERROR;
				CLANG_WARN_QUOTED_INCLUDE_IN_FRAMEWORK_HEADER = YES;
				CLANG_WARN_RANGE_LOOP_ANALYSIS = YES;
				CLANG_WARN_STRICT_PROTOTYPES = YES;
				CLANG_WARN_SUSPICIOUS_MOVE = YES;
				CLANG_WARN_UNGUARDED_AVAILABILITY = YES_AGGRESSIVE;
				CLANG_WARN_UNREACHABLE_CODE = YES;
				CLANG_WARN__DUPLICATE_METHOD_MATCH = YES;
				COPY_PHASE_STRIP = NO;
				DEBUG_INFORMATION_FORMAT = "dwarf-with-dsym";
				ENABLE_NS_ASSERTIONS = NO;
				ENABLE_STRICT_OBJC_MSGSEND = YES;
				ENABLE_USER_SCRIPT_SANDBOXING = YES;
				GCC_C_LANGUAGE_STANDARD = gnu17;
				GCC_NO_COMMON_BLOCKS = YES;
				GCC_WARN_64_TO_32_BIT_CONVERSION = YES;
				GCC_WARN_ABOUT_RETURN_TYPE = YES_ERROR;
				GCC_WARN_UNDECLARED_SELECTOR = YES;
				GCC_WARN_UNINITIALIZED_AUTOS = YES_AGGRESSIVE;
				GCC_WARN_UNUSED_FUNCTION = YES;
				GCC_WARN_UNUSED_VARIABLE = YES;
				IPHONEOS_DEPLOYMENT_TARGET = 17.0;
				LOCALIZATION_PREFERS_STRING_CATALOGS = YES;
				MTL_ENABLE_DEBUG_INFO = NO;
				MTL_FAST_MATH = YES;
				SDKROOT = iphoneos;
				SWIFT_COMPILATION_MODE = wholemodule;
				VALIDATE_PRODUCT = YES;
			};
			name = Release;
		};
		4B11814A2B53A5A700B1C04D /* Debug */ = {
			isa = XCBuildConfiguration;
			baseConfigurationReference = 4B8A4D012B56E540007F7A3F /* BoheomConfig.xcconfig */;
			buildSettings = {
				ASSETCATALOG_COMPILER_APPICON_NAME = AppIcon;
				ASSETCATALOG_COMPILER_GLOBAL_ACCENT_COLOR_NAME = AccentColor;
				CODE_SIGN_STYLE = Automatic;
				CURRENT_PROJECT_VERSION = 1;
				DEVELOPMENT_TEAM = 629Q9H7922;
				GENERATE_INFOPLIST_FILE = YES;
				INFOPLIST_FILE = Boheom/SuportFile/Info.plist;
				INFOPLIST_KEY_UIApplicationSupportsIndirectInputEvents = YES;
				INFOPLIST_KEY_UILaunchStoryboardName = LaunchScreen;
				INFOPLIST_KEY_UIMainStoryboardFile = "";
				INFOPLIST_KEY_UISupportedInterfaceOrientations_iPad = "UIInterfaceOrientationPortrait UIInterfaceOrientationPortraitUpsideDown UIInterfaceOrientationLandscapeLeft UIInterfaceOrientationLandscapeRight";
				INFOPLIST_KEY_UISupportedInterfaceOrientations_iPhone = "UIInterfaceOrientationPortrait UIInterfaceOrientationLandscapeLeft UIInterfaceOrientationLandscapeRight";
				LD_RUNPATH_SEARCH_PATHS = (
					"$(inherited)",
					"@executable_path/Frameworks",
				);
				MARKETING_VERSION = 1.0;
				PRODUCT_BUNDLE_IDENTIFIER = "com.team-boheom.Boheom";
				PRODUCT_NAME = "$(TARGET_NAME)";
				SWIFT_EMIT_LOC_STRINGS = YES;
				SWIFT_VERSION = 5.0;
				TARGETED_DEVICE_FAMILY = "1,2";
			};
			name = Debug;
		};
		4B11814B2B53A5A700B1C04D /* Release */ = {
			isa = XCBuildConfiguration;
			baseConfigurationReference = 4B8A4D012B56E540007F7A3F /* BoheomConfig.xcconfig */;
			buildSettings = {
				ASSETCATALOG_COMPILER_APPICON_NAME = AppIcon;
				ASSETCATALOG_COMPILER_GLOBAL_ACCENT_COLOR_NAME = AccentColor;
				CODE_SIGN_STYLE = Automatic;
				CURRENT_PROJECT_VERSION = 1;
				DEVELOPMENT_TEAM = 629Q9H7922;
				GENERATE_INFOPLIST_FILE = YES;
				INFOPLIST_FILE = Boheom/SuportFile/Info.plist;
				INFOPLIST_KEY_UIApplicationSupportsIndirectInputEvents = YES;
				INFOPLIST_KEY_UILaunchStoryboardName = LaunchScreen;
				INFOPLIST_KEY_UIMainStoryboardFile = "";
				INFOPLIST_KEY_UISupportedInterfaceOrientations_iPad = "UIInterfaceOrientationPortrait UIInterfaceOrientationPortraitUpsideDown UIInterfaceOrientationLandscapeLeft UIInterfaceOrientationLandscapeRight";
				INFOPLIST_KEY_UISupportedInterfaceOrientations_iPhone = "UIInterfaceOrientationPortrait UIInterfaceOrientationLandscapeLeft UIInterfaceOrientationLandscapeRight";
				LD_RUNPATH_SEARCH_PATHS = (
					"$(inherited)",
					"@executable_path/Frameworks",
				);
				MARKETING_VERSION = 1.0;
				PRODUCT_BUNDLE_IDENTIFIER = "com.team-boheom.Boheom";
				PRODUCT_NAME = "$(TARGET_NAME)";
				SWIFT_EMIT_LOC_STRINGS = YES;
				SWIFT_VERSION = 5.0;
				TARGETED_DEVICE_FAMILY = "1,2";
			};
			name = Release;
		};
/* End XCBuildConfiguration section */

/* Begin XCConfigurationList section */
		4B1181302B53A5A500B1C04D /* Build configuration list for PBXProject "Boheom" */ = {
			isa = XCConfigurationList;
			buildConfigurations = (
				4B1181472B53A5A700B1C04D /* Debug */,
				4B1181482B53A5A700B1C04D /* Release */,
			);
			defaultConfigurationIsVisible = 0;
			defaultConfigurationName = Release;
		};
		4B1181492B53A5A700B1C04D /* Build configuration list for PBXNativeTarget "Boheom" */ = {
			isa = XCConfigurationList;
			buildConfigurations = (
				4B11814A2B53A5A700B1C04D /* Debug */,
				4B11814B2B53A5A700B1C04D /* Release */,
			);
			defaultConfigurationIsVisible = 0;
			defaultConfigurationName = Release;
		};
/* End XCConfigurationList section */

/* Begin XCRemoteSwiftPackageReference section */
		4B1181522B53A83B00B1C04D /* XCRemoteSwiftPackageReference "SnapKit" */ = {
			isa = XCRemoteSwiftPackageReference;
			repositoryURL = "https://github.com/SnapKit/SnapKit";
			requirement = {
				kind = upToNextMajorVersion;
				minimumVersion = 5.7.0;
			};
		};
		4B1181572B53A85900B1C04D /* XCRemoteSwiftPackageReference "Then" */ = {
			isa = XCRemoteSwiftPackageReference;
			repositoryURL = "https://github.com/devxoul/Then";
			requirement = {
				kind = upToNextMajorVersion;
				minimumVersion = 3.0.0;
			};
		};
		4B11815A2B53A87100B1C04D /* XCRemoteSwiftPackageReference "Moya" */ = {
			isa = XCRemoteSwiftPackageReference;
			repositoryURL = "https://github.com/Moya/Moya";
			requirement = {
				kind = upToNextMajorVersion;
				minimumVersion = 15.0.3;
			};
		};
		4B1181632B53A87F00B1C04D /* XCRemoteSwiftPackageReference "RxSwift" */ = {
			isa = XCRemoteSwiftPackageReference;
			repositoryURL = "https://github.com/ReactiveX/RxSwift";
			requirement = {
				kind = upToNextMajorVersion;
				minimumVersion = 6.6.0;
			};
		};
		4B1181782B53A8A400B1C04D /* XCRemoteSwiftPackageReference "RxFlow" */ = {
			isa = XCRemoteSwiftPackageReference;
			repositoryURL = "https://github.com/RxSwiftCommunity/RxFlow.git";
			requirement = {
				kind = upToNextMajorVersion;
				minimumVersion = 2.13.0;
			};
		};
		4B8A4D082B56ED2C007F7A3F /* XCRemoteSwiftPackageReference "SwiftKeychainWrapper" */ = {
			isa = XCRemoteSwiftPackageReference;
			repositoryURL = "https://github.com/jrendel/SwiftKeychainWrapper";
			requirement = {
				kind = upToNextMajorVersion;
				minimumVersion = 4.0.1;
			};
		};
		4B8A4D242B5824C8007F7A3F /* XCRemoteSwiftPackageReference "Swinject" */ = {
			isa = XCRemoteSwiftPackageReference;
			repositoryURL = "https://github.com/Swinject/Swinject.git";
			requirement = {
				kind = upToNextMajorVersion;
				minimumVersion = 2.8.4;
			};
		};
		4B8A4D4B2B5A448D007F7A3F /* XCRemoteSwiftPackageReference "Kingfisher" */ = {
			isa = XCRemoteSwiftPackageReference;
			repositoryURL = "https://github.com/onevcat/Kingfisher";
			requirement = {
				kind = upToNextMajorVersion;
				minimumVersion = 7.10.2;
			};
		};
/* End XCRemoteSwiftPackageReference section */

/* Begin XCSwiftPackageProductDependency section */
		4B1181532B53A83B00B1C04D /* SnapKit */ = {
			isa = XCSwiftPackageProductDependency;
			package = 4B1181522B53A83B00B1C04D /* XCRemoteSwiftPackageReference "SnapKit" */;
			productName = SnapKit;
		};
		4B1181582B53A85900B1C04D /* Then */ = {
			isa = XCSwiftPackageProductDependency;
			package = 4B1181572B53A85900B1C04D /* XCRemoteSwiftPackageReference "Then" */;
			productName = Then;
		};
		4B11815D2B53A87100B1C04D /* Moya */ = {
			isa = XCSwiftPackageProductDependency;
			package = 4B11815A2B53A87100B1C04D /* XCRemoteSwiftPackageReference "Moya" */;
			productName = Moya;
		};
		4B1181612B53A87100B1C04D /* RxMoya */ = {
			isa = XCSwiftPackageProductDependency;
			package = 4B11815A2B53A87100B1C04D /* XCRemoteSwiftPackageReference "Moya" */;
			productName = RxMoya;
		};
		4B1181642B53A87F00B1C04D /* RxBlocking */ = {
			isa = XCSwiftPackageProductDependency;
			package = 4B1181632B53A87F00B1C04D /* XCRemoteSwiftPackageReference "RxSwift" */;
			productName = RxBlocking;
		};
		4B1181682B53A87F00B1C04D /* RxCocoa */ = {
			isa = XCSwiftPackageProductDependency;
			package = 4B1181632B53A87F00B1C04D /* XCRemoteSwiftPackageReference "RxSwift" */;
			productName = RxCocoa;
		};
		4B11816C2B53A87F00B1C04D /* RxRelay */ = {
			isa = XCSwiftPackageProductDependency;
			package = 4B1181632B53A87F00B1C04D /* XCRemoteSwiftPackageReference "RxSwift" */;
			productName = RxRelay;
		};
		4B1181702B53A87F00B1C04D /* RxSwift */ = {
			isa = XCSwiftPackageProductDependency;
			package = 4B1181632B53A87F00B1C04D /* XCRemoteSwiftPackageReference "RxSwift" */;
			productName = RxSwift;
		};
		4B1181792B53A8A400B1C04D /* RxFlow */ = {
			isa = XCSwiftPackageProductDependency;
			package = 4B1181782B53A8A400B1C04D /* XCRemoteSwiftPackageReference "RxFlow" */;
			productName = RxFlow;
		};
		4B8A4D092B56ED2C007F7A3F /* SwiftKeychainWrapper */ = {
			isa = XCSwiftPackageProductDependency;
			package = 4B8A4D082B56ED2C007F7A3F /* XCRemoteSwiftPackageReference "SwiftKeychainWrapper" */;
			productName = SwiftKeychainWrapper;
		};
		4B8A4D252B5824C8007F7A3F /* Swinject */ = {
			isa = XCSwiftPackageProductDependency;
			package = 4B8A4D242B5824C8007F7A3F /* XCRemoteSwiftPackageReference "Swinject" */;
			productName = Swinject;
		};
		4B8A4D4C2B5A448D007F7A3F /* Kingfisher */ = {
			isa = XCSwiftPackageProductDependency;
			package = 4B8A4D4B2B5A448D007F7A3F /* XCRemoteSwiftPackageReference "Kingfisher" */;
			productName = Kingfisher;
		};
/* End XCSwiftPackageProductDependency section */
	};
	rootObject = 4B11812D2B53A5A500B1C04D /* Project object */;
}
